// !$*UTF8*$!
{
	archiveVersion = 1;
	classes = {
	};
	objectVersion = 56;
	objects = {

/* Begin PBXBuildFile section */
		121651D62FD547C500C06C29 /* beach 7.jpg in Resources */ = {isa = PBXBuildFile; fileRef = 121651D52FD547C500C06C29 /* beach 7.jpg */; };
		121651D82FD547CB00C06C29 /* beach 2.jpeg in Resources */ = {isa = PBXBuildFile; fileRef = 121651D72FD547CB00C06C29 /* beach 2.jpeg */; };
		121651DA2FD547D000C06C29 /* beach 4.jpg in Resources */ = {isa = PBXBuildFile; fileRef = 121651D92FD547D000C06C29 /* beach 4.jpg */; };
		AA0000010000000000000001 /* AppState.swift in Sources */ = {isa = PBXBuildFile; fileRef = AA0000010000000000000101 /* AppState.swift */; };
		AA0000010000000000000002 /* Immersive360View.swift in Sources */ = {isa = PBXBuildFile; fileRef = AA0000010000000000000102 /* Immersive360View.swift */; };
		AA0000010000000000000003 /* ImmersiveWorldView.swift in Sources */ = {isa = PBXBuildFile; fileRef = AA0000010000000000000103 /* ImmersiveWorldView.swift */; };
		AA0000010000000000000004 /* Models.swift in Sources */ = {isa = PBXBuildFile; fileRef = AA0000010000000000000104 /* Models.swift */; };
		AA0000010000000000000005 /* PromptBuilder.swift in Sources */ = {isa = PBXBuildFile; fileRef = AA0000010000000000000105 /* PromptBuilder.swift */; };
		AA0000010000000000000006 /* QuizData.swift in Sources */ = {isa = PBXBuildFile; fileRef = AA0000010000000000000106 /* QuizData.swift */; };
		AA0000010000000000000007 /* QuizView.swift in Sources */ = {isa = PBXBuildFile; fileRef = AA0000010000000000000107 /* QuizView.swift */; };
		AA0000010000000000000008 /* RootView.swift in Sources */ = {isa = PBXBuildFile; fileRef = AA0000010000000000000108 /* RootView.swift */; };
		AA0000010000000000000009 /* VisitingArtisanApp.swift in Sources */ = {isa = PBXBuildFile; fileRef = AA0000010000000000000109 /* VisitingArtisanApp.swift */; };
		AA000001000000000000000A /* WorldCatalog.swift in Sources */ = {isa = PBXBuildFile; fileRef = AA000001000000000000010A /* WorldCatalog.swift */; };
		AA000001000000000000000B /* WorldView.swift in Sources */ = {isa = PBXBuildFile; fileRef = AA000001000000000000010B /* WorldView.swift */; };
		AA000001000000000000000C /* Assets.xcassets in Resources */ = {isa = PBXBuildFile; fileRef = AA000001000000000000010C /* Assets.xcassets */; };
		AA000001000000000000000D /* Secrets.swift in Sources */ = {isa = PBXBuildFile; fileRef = AA000001000000000000010F /* Secrets.swift */; };
		AA000001000000000000000E /* WorldLabsService.swift in Sources */ = {isa = PBXBuildFile; fileRef = AA0000010000000000000110 /* WorldLabsService.swift */; };
		AA0000010000000000000010 /* MotionManager.swift in Sources */ = {isa = PBXBuildFile; fileRef = AA0000010000000000000112 /* MotionManager.swift */; };
		AA0000010000000000000011 /* DesignSystem.swift in Sources */ = {isa = PBXBuildFile; fileRef = AA0000010000000000000113 /* DesignSystem.swift */; };
		AA0000010000000000000013 /* GamepadManager.swift in Sources */ = {isa = PBXBuildFile; fileRef = AA0000010000000000000115 /* GamepadManager.swift */; };
		AA0000010000000000000014 /* SplatSpikeView.swift in Sources */ = {isa = PBXBuildFile; fileRef = AA0000010000000000000116 /* SplatSpikeView.swift */; };
		AA0000010000000000000015 /* MetalSplatter in Frameworks */ = {isa = PBXBuildFile; productRef = AA0000010000000000000902 /* MetalSplatter */; };
		AA0000010000000000000016 /* SplatIO in Frameworks */ = {isa = PBXBuildFile; productRef = AA0000010000000000000903 /* SplatIO */; };
		AA0000010000000000000017 /* NarrationComposer.swift in Sources */ = {isa = PBXBuildFile; fileRef = AA0000010000000000000117 /* NarrationComposer.swift */; };
		AA0000010000000000000018 /* NarrationService.swift in Sources */ = {isa = PBXBuildFile; fileRef = AA0000010000000000000118 /* NarrationService.swift */; };
		AA0000010000000000000019 /* SpeechRecognizer.swift in Sources */ = {isa = PBXBuildFile; fileRef = AA0000010000000000000119 /* SpeechRecognizer.swift */; };
		AA000001000000000000001A /* ConversationService.swift in Sources */ = {isa = PBXBuildFile; fileRef = AA000001000000000000011A /* ConversationService.swift */; };
		AA000001000000000000001B /* SplatLibraryView.swift in Sources */ = {isa = PBXBuildFile; fileRef = AA0000010000000000000124 /* SplatLibraryView.swift */; };
		AA0000010000000000000030 /* OopsGlassKit.swift in Sources */ = {isa = PBXBuildFile; fileRef = AA0000010000000000000130 /* OopsGlassKit.swift */; };
		AA0000010000000000000031 /* OopsFlow.swift in Sources */ = {isa = PBXBuildFile; fileRef = AA0000010000000000000131 /* OopsFlow.swift */; };
		AA0000010000000000000032 /* OopsContent.swift in Sources */ = {isa = PBXBuildFile; fileRef = AA0000010000000000000132 /* OopsContent.swift */; };
		AA0000010000000000000033 /* OopsOnboarding.swift in Sources */ = {isa = PBXBuildFile; fileRef = AA0000010000000000000133 /* OopsOnboarding.swift */; };
		AA0000010000000000000034 /* OopsQuiz.swift in Sources */ = {isa = PBXBuildFile; fileRef = AA0000010000000000000134 /* OopsQuiz.swift */; };
		AA0000010000000000000035 /* OopsWorldScreens.swift in Sources */ = {isa = PBXBuildFile; fileRef = AA0000010000000000000135 /* OopsWorldScreens.swift */; };
		AA0000010000000000000036 /* VoiceMascot.swift in Sources */ = {isa = PBXBuildFile; fileRef = AA0000010000000000000136 /* VoiceMascot.swift */; };
		AA0000010000000000000037 /* ParametricWorldBuilder.swift in Sources */ = {isa = PBXBuildFile; fileRef = AA0000010000000000000137 /* ParametricWorldBuilder.swift */; };
		AA00000100000000000000D1 /* OpenAIImageService.swift in Sources */ = {isa = PBXBuildFile; fileRef = AA00000100000000000001D1 /* OpenAIImageService.swift */; };
		AA0000010000000000000038 /* SplatLocomotion.swift in Sources */ = {isa = PBXBuildFile; fileRef = AA0000010000000000000138 /* SplatLocomotion.swift */; };
		AA0000010000000000000039 /* SplatVisionRenderer.swift in Sources */ = {isa = PBXBuildFile; fileRef = AA0000010000000000000139 /* SplatVisionRenderer.swift */; };
		AA000001000000000000003A /* OopsReflection.swift in Sources */ = {isa = PBXBuildFile; fileRef = AA000001000000000000013A /* OopsReflection.swift */; };
		AA000001000000000000003B /* OopsVoiceOrb.swift in Sources */ = {isa = PBXBuildFile; fileRef = AA000001000000000000013B /* OopsVoiceOrb.swift */; };
		AA0000010000000000000060 /* MuseumModels.swift in Sources */ = {isa = PBXBuildFile; fileRef = AA0000010000000000000160 /* MuseumModels.swift */; };
		AA0000010000000000000061 /* MuseumPrompt.swift in Sources */ = {isa = PBXBuildFile; fileRef = AA0000010000000000000161 /* MuseumPrompt.swift */; };
		AA0000010000000000000062 /* CuratorService.swift in Sources */ = {isa = PBXBuildFile; fileRef = AA0000010000000000000162 /* CuratorService.swift */; };
		AA0000010000000000000063 /* ImageGenerationService.swift in Sources */ = {isa = PBXBuildFile; fileRef = AA0000010000000000000163 /* ImageGenerationService.swift */; };
		AA0000010000000000000064 /* MuseumGalleryView.swift in Sources */ = {isa = PBXBuildFile; fileRef = AA0000010000000000000164 /* MuseumGalleryView.swift */; };
		AA0000010000000000000065 /* MuseumQuestionsView.swift in Sources */ = {isa = PBXBuildFile; fileRef = AA0000010000000000000165 /* MuseumQuestionsView.swift */; };
		AA0000010000000000000066 /* MuseumFlowView.swift in Sources */ = {isa = PBXBuildFile; fileRef = AA0000010000000000000166 /* MuseumFlowView.swift */; };
		AA0000010000000000000050 /* WorldCameraRig.swift in Sources */ = {isa = PBXBuildFile; fileRef = AA0000010000000000000150 /* WorldCameraRig.swift */; };
		AA00000100000000000000A3 /* vibrant_loft_art_studio.spz in Resources */ = {isa = PBXBuildFile; fileRef = AA00000100000000000001A3 /* vibrant_loft_art_studio.spz */; };
		AA00000100000000000000B0 /* SplatSession.swift in Sources */ = {isa = PBXBuildFile; fileRef = AA00000100000000000001B0 /* SplatSession.swift */; };
		AA00000100000000000000B1 /* SplatMeshRenderer.swift in Sources */ = {isa = PBXBuildFile; fileRef = AA00000100000000000001B1 /* SplatMeshRenderer.swift */; };
		AA00000100000000000000B2 /* SplatMeshShaders.metal in Sources */ = {isa = PBXBuildFile; fileRef = AA00000100000000000001B2 /* SplatMeshShaders.metal */; };
		AA00000100000000000000B3 /* hummingbird_anim.usdz in Resources */ = {isa = PBXBuildFile; fileRef = AA00000100000000000001B3 /* hummingbird_anim.usdz */; };
		AA00000100000000000000B4 /* SplatHandGesture.swift in Sources */ = {isa = PBXBuildFile; fileRef = AA00000100000000000001B4 /* SplatHandGesture.swift */; };
		AA00000100000000000000C3 /* Richards_Art_Gallery_-_Audio_Tour.usdz in Resources */ = {isa = PBXBuildFile; fileRef = AA00000100000000000001C3 /* Richards_Art_Gallery_-_Audio_Tour.usdz */; };
		AA00000100000000000000D3 /* Art_Gallery_E_2020.usdz in Resources */ = {isa = PBXBuildFile; fileRef = AA00000100000000000001D3 /* Art_Gallery_E_2020.usdz */; };
		AA00000100000000000000F2 /* VoiceTestView.swift in Sources */ = {isa = PBXBuildFile; fileRef = AA00000100000000000001F2 /* VoiceTestView.swift */; };
		AA00000100000000000000F3 /* DevMenuView.swift in Sources */ = {isa = PBXBuildFile; fileRef = AA00000100000000000001F3 /* DevMenuView.swift */; };
		AA00000100000000000000F4 /* SpeechVoice.swift in Sources */ = {isa = PBXBuildFile; fileRef = AA00000100000000000001F4 /* SpeechVoice.swift */; };
		AA00000100000000000000F5 /* ElevenLabsVoice.swift in Sources */ = {isa = PBXBuildFile; fileRef = AA00000100000000000001F5 /* ElevenLabsVoice.swift */; };
		AA00000100000000000000F6 /* AzureVoice.swift in Sources */ = {isa = PBXBuildFile; fileRef = AA00000100000000000001F6 /* AzureVoice.swift */; };
		AA0000010000000000000A01 /* SplatCache.swift in Sources */ = {isa = PBXBuildFile; fileRef = AA0000010000000000000A02 /* SplatCache.swift */; };
/* End PBXBuildFile section */

/* Begin PBXFileReference section */
		121651D52FD547C500C06C29 /* beach 7.jpg */ = {isa = PBXFileReference; lastKnownFileType = image.jpeg; path = "beach 7.jpg"; sourceTree = "<group>"; };
		121651D72FD547CB00C06C29 /* beach 2.jpeg */ = {isa = PBXFileReference; lastKnownFileType = image.jpeg; path = "beach 2.jpeg"; sourceTree = "<group>"; };
		121651D92FD547D000C06C29 /* beach 4.jpg */ = {isa = PBXFileReference; lastKnownFileType = image.jpeg; path = "beach 4.jpg"; sourceTree = "<group>"; };
		AA0000010000000000000101 /* AppState.swift */ = {isa = PBXFileReference; lastKnownFileType = sourcecode.swift; path = AppState.swift; sourceTree = "<group>"; };
		AA0000010000000000000102 /* Immersive360View.swift */ = {isa = PBXFileReference; lastKnownFileType = sourcecode.swift; path = Immersive360View.swift; sourceTree = "<group>"; };
		AA0000010000000000000103 /* ImmersiveWorldView.swift */ = {isa = PBXFileReference; lastKnownFileType = sourcecode.swift; path = ImmersiveWorldView.swift; sourceTree = "<group>"; };
		AA0000010000000000000104 /* Models.swift */ = {isa = PBXFileReference; lastKnownFileType = sourcecode.swift; path = Models.swift; sourceTree = "<group>"; };
		AA0000010000000000000105 /* PromptBuilder.swift */ = {isa = PBXFileReference; lastKnownFileType = sourcecode.swift; path = PromptBuilder.swift; sourceTree = "<group>"; };
		AA0000010000000000000106 /* QuizData.swift */ = {isa = PBXFileReference; lastKnownFileType = sourcecode.swift; path = QuizData.swift; sourceTree = "<group>"; };
		AA0000010000000000000107 /* QuizView.swift */ = {isa = PBXFileReference; lastKnownFileType = sourcecode.swift; path = QuizView.swift; sourceTree = "<group>"; };
		AA0000010000000000000108 /* RootView.swift */ = {isa = PBXFileReference; lastKnownFileType = sourcecode.swift; path = RootView.swift; sourceTree = "<group>"; };
		AA0000010000000000000109 /* VisitingArtisanApp.swift */ = {isa = PBXFileReference; lastKnownFileType = sourcecode.swift; path = VisitingArtisanApp.swift; sourceTree = "<group>"; };
		AA000001000000000000010A /* WorldCatalog.swift */ = {isa = PBXFileReference; lastKnownFileType = sourcecode.swift; path = WorldCatalog.swift; sourceTree = "<group>"; };
		AA000001000000000000010B /* WorldView.swift */ = {isa = PBXFileReference; lastKnownFileType = sourcecode.swift; path = WorldView.swift; sourceTree = "<group>"; };
		AA000001000000000000010C /* Assets.xcassets */ = {isa = PBXFileReference; lastKnownFileType = folder.assetcatalog; path = Assets.xcassets; sourceTree = "<group>"; };
		AA000001000000000000010D /* VisitingArtisan.app */ = {isa = PBXFileReference; explicitFileType = wrapper.application; includeInIndex = 0; path = VisitingArtisan.app; sourceTree = BUILT_PRODUCTS_DIR; };
		AA000001000000000000010E /* Info-visionOS.plist */ = {isa = PBXFileReference; lastKnownFileType = text.plist.xml; path = "Info-visionOS.plist"; sourceTree = "<group>"; };
		AA000001000000000000010F /* Secrets.swift */ = {isa = PBXFileReference; lastKnownFileType = sourcecode.swift; path = Secrets.swift; sourceTree = "<group>"; };
		AA0000010000000000000110 /* WorldLabsService.swift */ = {isa = PBXFileReference; lastKnownFileType = sourcecode.swift; path = WorldLabsService.swift; sourceTree = "<group>"; };
		AA0000010000000000000112 /* MotionManager.swift */ = {isa = PBXFileReference; lastKnownFileType = sourcecode.swift; path = MotionManager.swift; sourceTree = "<group>"; };
		AA0000010000000000000113 /* DesignSystem.swift */ = {isa = PBXFileReference; lastKnownFileType = sourcecode.swift; path = DesignSystem.swift; sourceTree = "<group>"; };
		AA0000010000000000000115 /* GamepadManager.swift */ = {isa = PBXFileReference; lastKnownFileType = sourcecode.swift; path = GamepadManager.swift; sourceTree = "<group>"; };
		AA0000010000000000000116 /* SplatSpikeView.swift */ = {isa = PBXFileReference; lastKnownFileType = sourcecode.swift; path = SplatSpikeView.swift; sourceTree = "<group>"; };
		AA0000010000000000000117 /* NarrationComposer.swift */ = {isa = PBXFileReference; lastKnownFileType = sourcecode.swift; path = NarrationComposer.swift; sourceTree = "<group>"; };
		AA0000010000000000000118 /* NarrationService.swift */ = {isa = PBXFileReference; lastKnownFileType = sourcecode.swift; path = NarrationService.swift; sourceTree = "<group>"; };
		AA0000010000000000000119 /* SpeechRecognizer.swift */ = {isa = PBXFileReference; lastKnownFileType = sourcecode.swift; path = SpeechRecognizer.swift; sourceTree = "<group>"; };
		AA000001000000000000011A /* ConversationService.swift */ = {isa = PBXFileReference; lastKnownFileType = sourcecode.swift; path = ConversationService.swift; sourceTree = "<group>"; };
		AA0000010000000000000124 /* SplatLibraryView.swift */ = {isa = PBXFileReference; lastKnownFileType = sourcecode.swift; path = SplatLibraryView.swift; sourceTree = "<group>"; };
		AA0000010000000000000130 /* OopsGlassKit.swift */ = {isa = PBXFileReference; lastKnownFileType = sourcecode.swift; path = OopsGlassKit.swift; sourceTree = "<group>"; };
		AA0000010000000000000131 /* OopsFlow.swift */ = {isa = PBXFileReference; lastKnownFileType = sourcecode.swift; path = OopsFlow.swift; sourceTree = "<group>"; };
		AA0000010000000000000132 /* OopsContent.swift */ = {isa = PBXFileReference; lastKnownFileType = sourcecode.swift; path = OopsContent.swift; sourceTree = "<group>"; };
		AA0000010000000000000133 /* OopsOnboarding.swift */ = {isa = PBXFileReference; lastKnownFileType = sourcecode.swift; path = OopsOnboarding.swift; sourceTree = "<group>"; };
		AA0000010000000000000134 /* OopsQuiz.swift */ = {isa = PBXFileReference; lastKnownFileType = sourcecode.swift; path = OopsQuiz.swift; sourceTree = "<group>"; };
		AA0000010000000000000135 /* OopsWorldScreens.swift */ = {isa = PBXFileReference; lastKnownFileType = sourcecode.swift; path = OopsWorldScreens.swift; sourceTree = "<group>"; };
		AA0000010000000000000136 /* VoiceMascot.swift */ = {isa = PBXFileReference; lastKnownFileType = sourcecode.swift; path = VoiceMascot.swift; sourceTree = "<group>"; };
		AA0000010000000000000137 /* ParametricWorldBuilder.swift */ = {isa = PBXFileReference; lastKnownFileType = sourcecode.swift; path = ParametricWorldBuilder.swift; sourceTree = "<group>"; };
		AA00000100000000000001D1 /* OpenAIImageService.swift */ = {isa = PBXFileReference; lastKnownFileType = sourcecode.swift; path = OpenAIImageService.swift; sourceTree = "<group>"; };
		AA0000010000000000000138 /* SplatLocomotion.swift */ = {isa = PBXFileReference; lastKnownFileType = sourcecode.swift; path = SplatLocomotion.swift; sourceTree = "<group>"; };
		AA0000010000000000000139 /* SplatVisionRenderer.swift */ = {isa = PBXFileReference; lastKnownFileType = sourcecode.swift; path = SplatVisionRenderer.swift; sourceTree = "<group>"; };
		AA000001000000000000013A /* OopsReflection.swift */ = {isa = PBXFileReference; lastKnownFileType = sourcecode.swift; path = OopsReflection.swift; sourceTree = "<group>"; };
		AA000001000000000000013B /* OopsVoiceOrb.swift */ = {isa = PBXFileReference; lastKnownFileType = sourcecode.swift; path = OopsVoiceOrb.swift; sourceTree = "<group>"; };
		AA0000010000000000000160 /* MuseumModels.swift */ = {isa = PBXFileReference; lastKnownFileType = sourcecode.swift; path = MuseumModels.swift; sourceTree = "<group>"; };
		AA0000010000000000000161 /* MuseumPrompt.swift */ = {isa = PBXFileReference; lastKnownFileType = sourcecode.swift; path = MuseumPrompt.swift; sourceTree = "<group>"; };
		AA0000010000000000000162 /* CuratorService.swift */ = {isa = PBXFileReference; lastKnownFileType = sourcecode.swift; path = CuratorService.swift; sourceTree = "<group>"; };
		AA0000010000000000000163 /* ImageGenerationService.swift */ = {isa = PBXFileReference; lastKnownFileType = sourcecode.swift; path = ImageGenerationService.swift; sourceTree = "<group>"; };
		AA0000010000000000000164 /* MuseumGalleryView.swift */ = {isa = PBXFileReference; lastKnownFileType = sourcecode.swift; path = MuseumGalleryView.swift; sourceTree = "<group>"; };
		AA0000010000000000000165 /* MuseumQuestionsView.swift */ = {isa = PBXFileReference; lastKnownFileType = sourcecode.swift; path = MuseumQuestionsView.swift; sourceTree = "<group>"; };
		AA0000010000000000000166 /* MuseumFlowView.swift */ = {isa = PBXFileReference; lastKnownFileType = sourcecode.swift; path = MuseumFlowView.swift; sourceTree = "<group>"; };
		AA0000010000000000000150 /* WorldCameraRig.swift */ = {isa = PBXFileReference; lastKnownFileType = sourcecode.swift; path = WorldCameraRig.swift; sourceTree = "<group>"; };
		AA00000100000000000001A3 /* vibrant_loft_art_studio.spz */ = {isa = PBXFileReference; lastKnownFileType = file; path = vibrant_loft_art_studio.spz; sourceTree = "<group>"; };
		AA00000100000000000001B0 /* SplatSession.swift */ = {isa = PBXFileReference; lastKnownFileType = sourcecode.swift; path = SplatSession.swift; sourceTree = "<group>"; };
		AA00000100000000000001B1 /* SplatMeshRenderer.swift */ = {isa = PBXFileReference; lastKnownFileType = sourcecode.swift; path = SplatMeshRenderer.swift; sourceTree = "<group>"; };
		AA00000100000000000001B2 /* SplatMeshShaders.metal */ = {isa = PBXFileReference; lastKnownFileType = sourcecode.metal; path = SplatMeshShaders.metal; sourceTree = "<group>"; };
		AA00000100000000000001B3 /* hummingbird_anim.usdz */ = {isa = PBXFileReference; lastKnownFileType = file; path = hummingbird_anim.usdz; sourceTree = "<group>"; };
		AA00000100000000000001B4 /* SplatHandGesture.swift */ = {isa = PBXFileReference; lastKnownFileType = sourcecode.swift; path = SplatHandGesture.swift; sourceTree = "<group>"; };
		AA00000100000000000001C3 /* Richards_Art_Gallery_-_Audio_Tour.usdz */ = {isa = PBXFileReference; lastKnownFileType = file; path = "Richards_Art_Gallery_-_Audio_Tour.usdz"; sourceTree = "<group>"; };
		AA00000100000000000001D3 /* Art_Gallery_E_2020.usdz */ = {isa = PBXFileReference; lastKnownFileType = file; path = Art_Gallery_E_2020.usdz; sourceTree = "<group>"; };
		AA00000100000000000001F2 /* VoiceTestView.swift */ = {isa = PBXFileReference; lastKnownFileType = sourcecode.swift; path = VoiceTestView.swift; sourceTree = "<group>"; };
		AA00000100000000000001F3 /* DevMenuView.swift */ = {isa = PBXFileReference; lastKnownFileType = sourcecode.swift; path = DevMenuView.swift; sourceTree = "<group>"; };
		AA00000100000000000001F4 /* SpeechVoice.swift */ = {isa = PBXFileReference; lastKnownFileType = sourcecode.swift; path = SpeechVoice.swift; sourceTree = "<group>"; };
		AA00000100000000000001F5 /* ElevenLabsVoice.swift */ = {isa = PBXFileReference; lastKnownFileType = sourcecode.swift; path = ElevenLabsVoice.swift; sourceTree = "<group>"; };
		AA00000100000000000001F6 /* AzureVoice.swift */ = {isa = PBXFileReference; lastKnownFileType = sourcecode.swift; path = AzureVoice.swift; sourceTree = "<group>"; };
		AA0000010000000000000A02 /* SplatCache.swift */ = {isa = PBXFileReference; lastKnownFileType = sourcecode.swift; path = SplatCache.swift; sourceTree = "<group>"; };
/* End PBXFileReference section */

/* Begin PBXFrameworksBuildPhase section */
		AA0000010000000000000201 /* Frameworks */ = {
			isa = PBXFrameworksBuildPhase;
			buildActionMask = 2147483647;
			files = (
				AA0000010000000000000015 /* MetalSplatter in Frameworks */,
				AA0000010000000000000016 /* SplatIO in Frameworks */,
			);
			runOnlyForDeploymentPostprocessing = 0;
		};
/* End PBXFrameworksBuildPhase section */

/* Begin PBXGroup section */
		AA0000010000000000000301 = {
			isa = PBXGroup;
			children = (
				AA0000010000000000000302 /* Sources */,
				AA0000010000000000000304 /* Config */,
				AA0000010000000000000305 /* USDZ */,
				AA000001000000000000010C /* Assets.xcassets */,
				AA0000010000000000000303 /* Products */,
			);
			sourceTree = "<group>";
		};
		AA0000010000000000000302 /* Sources */ = {
			isa = PBXGroup;
			children = (
				AA0000010000000000000307 /* App */,
				AA0000010000000000000308 /* Quiz */,
				AA0000010000000000000309 /* World */,
				AA000001000000000000030A /* Voice */,
				AA000001000000000000030B /* Spikes */,
				AA000001000000000000030C /* DevMenu */,
				AA000001000000000000030D /* Core */,
				AA000001000000000000030E /* Oops */,
				AA000001000000000000030F /* Museum */,
			);
			path = Sources;
			sourceTree = "<group>";
		};
		AA0000010000000000000303 /* Products */ = {
			isa = PBXGroup;
			children = (
				AA000001000000000000010D /* VisitingArtisan.app */,
			);
			name = Products;
			sourceTree = "<group>";
		};
		AA0000010000000000000304 /* Config */ = {
			isa = PBXGroup;
			children = (
				AA000001000000000000010E /* Info-visionOS.plist */,
			);
			path = Config;
			sourceTree = "<group>";
		};
		AA0000010000000000000305 /* USDZ */ = {
			isa = PBXGroup;
			children = (
			);
			path = USDZ;
			sourceTree = "<group>";
		};
		AA0000010000000000000306 /* SpikeAssets */ = {
			isa = PBXGroup;
			children = (
				AA00000100000000000001A3 /* vibrant_loft_art_studio.spz */,
				AA00000100000000000001B3 /* hummingbird_anim.usdz */,
				AA00000100000000000001C3 /* Richards_Art_Gallery_-_Audio_Tour.usdz */,
				AA00000100000000000001D3 /* Art_Gallery_E_2020.usdz */,
				121651D52FD547C500C06C29 /* beach 7.jpg */,
				121651D72FD547CB00C06C29 /* beach 2.jpeg */,
				121651D92FD547D000C06C29 /* beach 4.jpg */,
			);
			path = SpikeAssets;
			sourceTree = "<group>";
		};
		AA0000010000000000000307 /* App */ = {
			isa = PBXGroup;
			children = (
				AA0000010000000000000109 /* VisitingArtisanApp.swift */,
				AA0000010000000000000108 /* RootView.swift */,
				AA0000010000000000000101 /* AppState.swift */,
			);
			path = App;
			sourceTree = "<group>";
		};
		AA0000010000000000000308 /* Quiz */ = {
			isa = PBXGroup;
			children = (
				AA0000010000000000000107 /* QuizView.swift */,
				AA0000010000000000000106 /* QuizData.swift */,
			);
			path = Quiz;
			sourceTree = "<group>";
		};
		AA0000010000000000000309 /* World */ = {
			isa = PBXGroup;
			children = (
				AA000001000000000000010B /* WorldView.swift */,
				AA0000010000000000000137 /* ParametricWorldBuilder.swift */,
				AA00000100000000000001D1 /* OpenAIImageService.swift */,
				AA000001000000000000010A /* WorldCatalog.swift */,
				AA0000010000000000000105 /* PromptBuilder.swift */,
				AA0000010000000000000102 /* Immersive360View.swift */,
				AA0000010000000000000103 /* ImmersiveWorldView.swift */,
			);
			path = World;
			sourceTree = "<group>";
		};
		AA000001000000000000030A /* Voice */ = {
			isa = PBXGroup;
			children = (
				AA000001000000000000011A /* ConversationService.swift */,
				AA0000010000000000000119 /* SpeechRecognizer.swift */,
				AA0000010000000000000118 /* NarrationService.swift */,
				AA0000010000000000000117 /* NarrationComposer.swift */,
				AA00000100000000000001F4 /* SpeechVoice.swift */,
				AA00000100000000000001F5 /* ElevenLabsVoice.swift */,
				AA00000100000000000001F6 /* AzureVoice.swift */,
				AA0000010000000000000136 /* VoiceMascot.swift */,
				AA00000100000000000001F2 /* VoiceTestView.swift */,
			);
			path = Voice;
			sourceTree = "<group>";
		};
		AA000001000000000000030B /* Spikes */ = {
			isa = PBXGroup;
			children = (
				AA0000010000000000000116 /* SplatSpikeView.swift */,
				AA0000010000000000000124 /* SplatLibraryView.swift */,
				AA0000010000000000000138 /* SplatLocomotion.swift */,
				AA0000010000000000000139 /* SplatVisionRenderer.swift */,
				AA00000100000000000001B0 /* SplatSession.swift */,
				AA0000010000000000000A02 /* SplatCache.swift */,
				AA00000100000000000001B1 /* SplatMeshRenderer.swift */,
				AA00000100000000000001B4 /* SplatHandGesture.swift */,
				AA00000100000000000001B2 /* SplatMeshShaders.metal */,
				AA0000010000000000000110 /* WorldLabsService.swift */,
				AA0000010000000000000306 /* SpikeAssets */,
			);
			path = Spikes;
			sourceTree = "<group>";
		};
		AA000001000000000000030C /* DevMenu */ = {
			isa = PBXGroup;
			children = (
				AA00000100000000000001F3 /* DevMenuView.swift */,
			);
			path = DevMenu;
			sourceTree = "<group>";
		};
		AA000001000000000000030D /* Core */ = {
			isa = PBXGroup;
			children = (
				AA0000010000000000000104 /* Models.swift */,
				AA0000010000000000000113 /* DesignSystem.swift */,
				AA0000010000000000000112 /* MotionManager.swift */,
				AA0000010000000000000115 /* GamepadManager.swift */,
				AA0000010000000000000150 /* WorldCameraRig.swift */,
				AA000001000000000000010F /* Secrets.swift */,
			);
			path = Core;
			sourceTree = "<group>";
		};
		AA000001000000000000030E /* Oops */ = {
			isa = PBXGroup;
			children = (
				AA0000010000000000000131 /* OopsFlow.swift */,
				AA0000010000000000000130 /* OopsGlassKit.swift */,
				AA0000010000000000000132 /* OopsContent.swift */,
				AA0000010000000000000133 /* OopsOnboarding.swift */,
				AA0000010000000000000134 /* OopsQuiz.swift */,
				AA0000010000000000000135 /* OopsWorldScreens.swift */,
				AA000001000000000000013A /* OopsReflection.swift */,
				AA000001000000000000013B /* OopsVoiceOrb.swift */,
			);
			path = Oops;
			sourceTree = "<group>";
		};
		AA000001000000000000030F /* Museum */ = {
			isa = PBXGroup;
			children = (
				AA0000010000000000000160 /* MuseumModels.swift */,
				AA0000010000000000000161 /* MuseumPrompt.swift */,
				AA0000010000000000000162 /* CuratorService.swift */,
				AA0000010000000000000163 /* ImageGenerationService.swift */,
				AA0000010000000000000164 /* MuseumGalleryView.swift */,
				AA0000010000000000000165 /* MuseumQuestionsView.swift */,
				AA0000010000000000000166 /* MuseumFlowView.swift */,
			);
			path = Museum;
			sourceTree = "<group>";
		};
/* End PBXGroup section */

/* Begin PBXNativeTarget section */
		AA0000010000000000000401 /* VisitingArtisan */ = {
			isa = PBXNativeTarget;
			buildConfigurationList = AA0000010000000000000703 /* Build configuration list for PBXNativeTarget "VisitingArtisan" */;
			buildPhases = (
				AA0000010000000000000501 /* Sources */,
				AA0000010000000000000201 /* Frameworks */,
				AA0000010000000000000502 /* Resources */,
			);
			buildRules = (
			);
			dependencies = (
			);
			name = VisitingArtisan;
			packageProductDependencies = (
				AA0000010000000000000902 /* MetalSplatter */,
				AA0000010000000000000903 /* SplatIO */,
			);
			productName = VisitingArtisan;
			productReference = AA000001000000000000010D /* VisitingArtisan.app */;
			productType = "com.apple.product-type.application";
		};
/* End PBXNativeTarget section */

/* Begin PBXProject section */
		AA0000010000000000000601 /* Project object */ = {
			isa = PBXProject;
			attributes = {
				BuildIndependentTargetsInParallel = 1;
				LastSwiftUpdateCheck = 2605;
				LastUpgradeCheck = 2650;
				TargetAttributes = {
					AA0000010000000000000401 = {
						CreatedOnToolsVersion = 26.5;
					};
				};
			};
			buildConfigurationList = AA0000010000000000000701 /* Build configuration list for PBXProject "VisitingArtisan" */;
			compatibilityVersion = "Xcode 14.0";
			developmentRegion = en;
			hasScannedForEncodings = 0;
			knownRegions = (
				en,
				Base,
			);
			mainGroup = AA0000010000000000000301;
			packageReferences = (
				AA0000010000000000000901 /* XCRemoteSwiftPackageReference "MetalSplatter" */,
			);
			productRefGroup = AA0000010000000000000303 /* Products */;
			projectDirPath = "";
			projectRoot = "";
			targets = (
				AA0000010000000000000401 /* VisitingArtisan */,
			);
		};
/* End PBXProject section */

/* Begin PBXResourcesBuildPhase section */
		AA0000010000000000000502 /* Resources */ = {
			isa = PBXResourcesBuildPhase;
			buildActionMask = 2147483647;
			files = (
				AA000001000000000000000C /* Assets.xcassets in Resources */,
				AA00000100000000000000A3 /* vibrant_loft_art_studio.spz in Resources */,
				121651D62FD547C500C06C29 /* beach 7.jpg in Resources */,
				121651D82FD547CB00C06C29 /* beach 2.jpeg in Resources */,
				121651DA2FD547D000C06C29 /* beach 4.jpg in Resources */,
				AA00000100000000000000B3 /* hummingbird_anim.usdz in Resources */,
				AA00000100000000000000C3 /* Richards_Art_Gallery_-_Audio_Tour.usdz in Resources */,
				AA00000100000000000000D3 /* Art_Gallery_E_2020.usdz in Resources */,
			);
			runOnlyForDeploymentPostprocessing = 0;
		};
/* End PBXResourcesBuildPhase section */

/* Begin PBXSourcesBuildPhase section */
		AA0000010000000000000501 /* Sources */ = {
			isa = PBXSourcesBuildPhase;
			buildActionMask = 2147483647;
			files = (
				AA0000010000000000000001 /* AppState.swift in Sources */,
				AA0000010000000000000002 /* Immersive360View.swift in Sources */,
				AA0000010000000000000003 /* ImmersiveWorldView.swift in Sources */,
				AA0000010000000000000004 /* Models.swift in Sources */,
				AA0000010000000000000005 /* PromptBuilder.swift in Sources */,
				AA0000010000000000000006 /* QuizData.swift in Sources */,
				AA0000010000000000000007 /* QuizView.swift in Sources */,
				AA0000010000000000000008 /* RootView.swift in Sources */,
				AA0000010000000000000009 /* VisitingArtisanApp.swift in Sources */,
				AA000001000000000000000A /* WorldCatalog.swift in Sources */,
				AA000001000000000000000B /* WorldView.swift in Sources */,
				AA0000010000000000000037 /* ParametricWorldBuilder.swift in Sources */,
				AA00000100000000000000D1 /* OpenAIImageService.swift in Sources */,
				AA000001000000000000000D /* Secrets.swift in Sources */,
				AA000001000000000000000E /* WorldLabsService.swift in Sources */,
				AA0000010000000000000010 /* MotionManager.swift in Sources */,
				AA0000010000000000000011 /* DesignSystem.swift in Sources */,
				AA00000100000000000000F2 /* VoiceTestView.swift in Sources */,
				AA00000100000000000000F3 /* DevMenuView.swift in Sources */,
				AA0000010000000000000013 /* GamepadManager.swift in Sources */,
				AA0000010000000000000050 /* WorldCameraRig.swift in Sources */,
				AA0000010000000000000014 /* SplatSpikeView.swift in Sources */,
				AA000001000000000000001B /* SplatLibraryView.swift in Sources */,
				AA0000010000000000000038 /* SplatLocomotion.swift in Sources */,
				AA0000010000000000000039 /* SplatVisionRenderer.swift in Sources */,
				AA00000100000000000000B0 /* SplatSession.swift in Sources */,
				AA0000010000000000000A01 /* SplatCache.swift in Sources */,
				AA00000100000000000000B1 /* SplatMeshRenderer.swift in Sources */,
				AA00000100000000000000B4 /* SplatHandGesture.swift in Sources */,
				AA00000100000000000000B2 /* SplatMeshShaders.metal in Sources */,
				AA0000010000000000000017 /* NarrationComposer.swift in Sources */,
				AA0000010000000000000018 /* NarrationService.swift in Sources */,
				AA0000010000000000000019 /* SpeechRecognizer.swift in Sources */,
				AA000001000000000000001A /* ConversationService.swift in Sources */,
				AA00000100000000000000F4 /* SpeechVoice.swift in Sources */,
				AA00000100000000000000F5 /* ElevenLabsVoice.swift in Sources */,
				AA00000100000000000000F6 /* AzureVoice.swift in Sources */,
				AA0000010000000000000036 /* VoiceMascot.swift in Sources */,
				AA0000010000000000000030 /* OopsGlassKit.swift in Sources */,
				AA0000010000000000000031 /* OopsFlow.swift in Sources */,
				AA0000010000000000000032 /* OopsContent.swift in Sources */,
				AA0000010000000000000033 /* OopsOnboarding.swift in Sources */,
				AA0000010000000000000034 /* OopsQuiz.swift in Sources */,
				AA0000010000000000000035 /* OopsWorldScreens.swift in Sources */,
				AA000001000000000000003A /* OopsReflection.swift in Sources */,
				AA000001000000000000003B /* OopsVoiceOrb.swift in Sources */,
				AA0000010000000000000060 /* MuseumModels.swift in Sources */,
				AA0000010000000000000061 /* MuseumPrompt.swift in Sources */,
				AA0000010000000000000062 /* CuratorService.swift in Sources */,
				AA0000010000000000000063 /* ImageGenerationService.swift in Sources */,
				AA0000010000000000000064 /* MuseumGalleryView.swift in Sources */,
				AA0000010000000000000065 /* MuseumQuestionsView.swift in Sources */,
				AA0000010000000000000066 /* MuseumFlowView.swift in Sources */,
			);
			runOnlyForDeploymentPostprocessing = 0;
		};
/* End PBXSourcesBuildPhase section */

/* Begin XCBuildConfiguration section */
		AA0000010000000000000801 /* Debug */ = {
			isa = XCBuildConfiguration;
			buildSettings = {
				ALWAYS_SEARCH_USER_PATHS = NO;
				CLANG_ANALYZER_NONNULL = YES;
				CLANG_ANALYZER_NUMBER_OBJECT_CONVERSION = YES_AGGRESSIVE;
				CLANG_CXX_LANGUAGE_STANDARD = "gnu++20";
				CLANG_ENABLE_MODULES = YES;
				CLANG_ENABLE_OBJC_ARC = YES;
				CLANG_ENABLE_OBJC_WEAK = YES;
				CLANG_WARN_BLOCK_CAPTURE_AUTORELEASING = YES;
				CLANG_WARN_BOOL_CONVERSION = YES;
				CLANG_WARN_COMMA = YES;
				CLANG_WARN_CONSTANT_CONVERSION = YES;
				CLANG_WARN_DEPRECATED_OBJC_IMPLEMENTATIONS = YES;
				CLANG_WARN_DIRECT_OBJC_ISA_USAGE = YES_ERROR;
				CLANG_WARN_DOCUMENTATION_COMMENTS = YES;
				CLANG_WARN_EMPTY_BODY = YES;
				CLANG_WARN_ENUM_CONVERSION = YES;
				CLANG_WARN_INFINITE_RECURSION = YES;
				CLANG_WARN_INT_CONVERSION = YES;
				CLANG_WARN_NON_LITERAL_NULL_CONVERSION = YES;
				CLANG_WARN_OBJC_IMPLICIT_RETAIN_SELF = YES;
				CLANG_WARN_OBJC_LITERAL_CONVERSION = YES;
				CLANG_WARN_OBJC_ROOT_CLASS = YES_ERROR;
				CLANG_WARN_QUOTED_INCLUDE_IN_FRAMEWORK_HEADER = YES;
				CLANG_WARN_RANGE_LOOP_ANALYSIS = YES;
				CLANG_WARN_STRICT_PROTOTYPES = YES;
				CLANG_WARN_SUSPICIOUS_MOVE = YES;
				CLANG_WARN_UNGUARDED_AVAILABILITY = YES_AGGRESSIVE;
				CLANG_WARN_UNREACHABLE_CODE = YES;
				CLANG_WARN__DUPLICATE_METHOD_MATCH = YES;
				COPY_PHASE_STRIP = NO;
				DEAD_CODE_STRIPPING = YES;
				DEBUG_INFORMATION_FORMAT = dwarf;
				DEVELOPMENT_TEAM = MCD2V89BPF;
				ENABLE_STRICT_OBJC_MSGSEND = YES;
				ENABLE_TESTABILITY = YES;
				ENABLE_USER_SCRIPT_SANDBOXING = YES;
				GCC_C_LANGUAGE_STANDARD = gnu17;
				GCC_DYNAMIC_NO_PIC = NO;
				GCC_NO_COMMON_BLOCKS = YES;
				GCC_OPTIMIZATION_LEVEL = 0;
				GCC_PREPROCESSOR_DEFINITIONS = (
					"DEBUG=1",
					"$(inherited)",
				);
				GCC_WARN_64_TO_32_BIT_CONVERSION = YES;
				GCC_WARN_ABOUT_RETURN_TYPE = YES_ERROR;
				GCC_WARN_UNDECLARED_SELECTOR = YES;
				GCC_WARN_UNINITIALIZED_AUTOS = YES_AGGRESSIVE;
				GCC_WARN_UNUSED_FUNCTION = YES;
				GCC_WARN_UNUSED_VARIABLE = YES;
				LOCALIZATION_PREFERS_STRING_CATALOGS = YES;
				MTL_ENABLE_DEBUG_INFO = INCLUDE_SOURCE;
				MTL_FAST_MATH = YES;
				ONLY_ACTIVE_ARCH = YES;
				SDKROOT = auto;
				STRING_CATALOG_GENERATE_SYMBOLS = YES;
				SWIFT_ACTIVE_COMPILATION_CONDITIONS = "DEBUG $(inherited)";
				SWIFT_OPTIMIZATION_LEVEL = "-Onone";
			};
			name = Debug;
		};
		AA0000010000000000000802 /* Release */ = {
			isa = XCBuildConfiguration;
			buildSettings = {
				ALWAYS_SEARCH_USER_PATHS = NO;
				CLANG_ANALYZER_NONNULL = YES;
				CLANG_ANALYZER_NUMBER_OBJECT_CONVERSION = YES_AGGRESSIVE;
				CLANG_CXX_LANGUAGE_STANDARD = "gnu++20";
				CLANG_ENABLE_MODULES = YES;
				CLANG_ENABLE_OBJC_ARC = YES;
				CLANG_ENABLE_OBJC_WEAK = YES;
				CLANG_WARN_BLOCK_CAPTURE_AUTORELEASING = YES;
				CLANG_WARN_BOOL_CONVERSION = YES;
				CLANG_WARN_COMMA = YES;
				CLANG_WARN_CONSTANT_CONVERSION = YES;
				CLANG_WARN_DEPRECATED_OBJC_IMPLEMENTATIONS = YES;
				CLANG_WARN_DIRECT_OBJC_ISA_USAGE = YES_ERROR;
				CLANG_WARN_DOCUMENTATION_COMMENTS = YES;
				CLANG_WARN_EMPTY_BODY = YES;
				CLANG_WARN_ENUM_CONVERSION = YES;
				CLANG_WARN_INFINITE_RECURSION = YES;
				CLANG_WARN_INT_CONVERSION = YES;
				CLANG_WARN_NON_LITERAL_NULL_CONVERSION = YES;
				CLANG_WARN_OBJC_IMPLICIT_RETAIN_SELF = YES;
				CLANG_WARN_OBJC_LITERAL_CONVERSION = YES;
				CLANG_WARN_OBJC_ROOT_CLASS = YES_ERROR;
				CLANG_WARN_QUOTED_INCLUDE_IN_FRAMEWORK_HEADER = YES;
				CLANG_WARN_RANGE_LOOP_ANALYSIS = YES;
				CLANG_WARN_STRICT_PROTOTYPES = YES;
				CLANG_WARN_SUSPICIOUS_MOVE = YES;
				CLANG_WARN_UNGUARDED_AVAILABILITY = YES_AGGRESSIVE;
				CLANG_WARN_UNREACHABLE_CODE = YES;
				CLANG_WARN__DUPLICATE_METHOD_MATCH = YES;
				COPY_PHASE_STRIP = NO;
				DEAD_CODE_STRIPPING = YES;
				DEBUG_INFORMATION_FORMAT = "dwarf-with-dsym";
				DEVELOPMENT_TEAM = MCD2V89BPF;
				ENABLE_NS_ASSERTIONS = NO;
				ENABLE_STRICT_OBJC_MSGSEND = YES;
				ENABLE_USER_SCRIPT_SANDBOXING = YES;
				GCC_C_LANGUAGE_STANDARD = gnu17;
				GCC_NO_COMMON_BLOCKS = YES;
				GCC_WARN_64_TO_32_BIT_CONVERSION = YES;
				GCC_WARN_ABOUT_RETURN_TYPE = YES_ERROR;
				GCC_WARN_UNDECLARED_SELECTOR = YES;
				GCC_WARN_UNINITIALIZED_AUTOS = YES_AGGRESSIVE;
				GCC_WARN_UNUSED_FUNCTION = YES;
				GCC_WARN_UNUSED_VARIABLE = YES;
				LOCALIZATION_PREFERS_STRING_CATALOGS = YES;
				MTL_ENABLE_DEBUG_INFO = NO;
				MTL_FAST_MATH = YES;
				SDKROOT = auto;
				STRING_CATALOG_GENERATE_SYMBOLS = YES;
				SWIFT_COMPILATION_MODE = wholemodule;
				VALIDATE_PRODUCT = YES;
			};
			name = Release;
		};
		AA0000010000000000000803 /* Debug */ = {
			isa = XCBuildConfiguration;
			buildSettings = {
				ASSETCATALOG_COMPILER_APPICON_NAME = AppIcon;
				ASSETCATALOG_COMPILER_GLOBAL_ACCENT_COLOR_NAME = AccentColor;
				CODE_SIGN_STYLE = Automatic;
				CURRENT_PROJECT_VERSION = 1;
				DEAD_CODE_STRIPPING = YES;
				DEVELOPMENT_TEAM = MCD2V89BPF;
				ENABLE_PREVIEWS = YES;
				GENERATE_INFOPLIST_FILE = YES;
				"GENERATE_INFOPLIST_FILE[sdk=xros*]" = NO;
				"GENERATE_INFOPLIST_FILE[sdk=xrsimulator*]" = NO;
				"INFOPLIST_FILE[sdk=xros*]" = "Config/Info-visionOS.plist";
				"INFOPLIST_FILE[sdk=xrsimulator*]" = "Config/Info-visionOS.plist";
				INFOPLIST_KEY_CFBundleDisplayName = "Visiting Artisan";
				INFOPLIST_KEY_LSApplicationCategoryType = "public.app-category.lifestyle";
				INFOPLIST_KEY_NSMicrophoneUsageDescription = "Visiting Artisan uses the microphone so you can talk with the guide in your world.";
				INFOPLIST_KEY_NSSpeechRecognitionUsageDescription = "Your speech is turned into text so your world's guide can understand and respond.";
				"INFOPLIST_KEY_UIApplicationSceneManifest_Generation[sdk=iphoneos*]" = YES;
				"INFOPLIST_KEY_UIApplicationSceneManifest_Generation[sdk=iphonesimulator*]" = YES;
				"INFOPLIST_KEY_UIApplicationSupportsIndirectInputEvents[sdk=iphoneos*]" = YES;
				"INFOPLIST_KEY_UIApplicationSupportsIndirectInputEvents[sdk=iphonesimulator*]" = YES;
				"INFOPLIST_KEY_UILaunchScreen_Generation[sdk=iphoneos*]" = YES;
				"INFOPLIST_KEY_UILaunchScreen_Generation[sdk=iphonesimulator*]" = YES;
				"INFOPLIST_KEY_UIStatusBarStyle[sdk=iphoneos*]" = UIStatusBarStyleDefault;
				"INFOPLIST_KEY_UIStatusBarStyle[sdk=iphonesimulator*]" = UIStatusBarStyleDefault;
				INFOPLIST_KEY_UISupportedInterfaceOrientations_iPad = "UIInterfaceOrientationPortrait UIInterfaceOrientationPortraitUpsideDown UIInterfaceOrientationLandscapeLeft UIInterfaceOrientationLandscapeRight";
				INFOPLIST_KEY_UISupportedInterfaceOrientations_iPhone = "UIInterfaceOrientationPortrait UIInterfaceOrientationPortraitUpsideDown UIInterfaceOrientationLandscapeLeft UIInterfaceOrientationLandscapeRight";
				IPHONEOS_DEPLOYMENT_TARGET = 26.0;
				LD_RUNPATH_SEARCH_PATHS = (
					"$(inherited)",
					"@executable_path/Frameworks",
				);
				MARKETING_VERSION = 1.0;
				PRODUCT_BUNDLE_IDENTIFIER = com.tommy.VisitingArtisan;
				PRODUCT_NAME = "$(TARGET_NAME)";
				SDKROOT = auto;
				SUPPORTED_PLATFORMS = "iphoneos iphonesimulator xros xrsimulator";
				SWIFT_EMIT_LOC_STRINGS = YES;
				SWIFT_VERSION = 5.0;
				TARGETED_DEVICE_FAMILY = "1,2,7";
				XROS_DEPLOYMENT_TARGET = 26.0;
			};
			name = Debug;
		};
		AA0000010000000000000804 /* Release */ = {
			isa = XCBuildConfiguration;
			buildSettings = {
				ASSETCATALOG_COMPILER_APPICON_NAME = AppIcon;
				ASSETCATALOG_COMPILER_GLOBAL_ACCENT_COLOR_NAME = AccentColor;
				CODE_SIGN_STYLE = Automatic;
				CURRENT_PROJECT_VERSION = 1;
				DEAD_CODE_STRIPPING = YES;
				DEVELOPMENT_TEAM = MCD2V89BPF;
				ENABLE_PREVIEWS = YES;
				GENERATE_INFOPLIST_FILE = YES;
				"GENERATE_INFOPLIST_FILE[sdk=xros*]" = NO;
				"GENERATE_INFOPLIST_FILE[sdk=xrsimulator*]" = NO;
				"INFOPLIST_FILE[sdk=xros*]" = "Config/Info-visionOS.plist";
				"INFOPLIST_FILE[sdk=xrsimulator*]" = "Config/Info-visionOS.plist";
				INFOPLIST_KEY_CFBundleDisplayName = "Visiting Artisan";
				INFOPLIST_KEY_LSApplicationCategoryType = "public.app-category.lifestyle";
				INFOPLIST_KEY_NSMicrophoneUsageDescription = "Visiting Artisan uses the microphone so you can talk with the guide in your world.";
				INFOPLIST_KEY_NSSpeechRecognitionUsageDescription = "Your speech is turned into text so your world's guide can understand and respond.";
				"INFOPLIST_KEY_UIApplicationSceneManifest_Generation[sdk=iphoneos*]" = YES;
				"INFOPLIST_KEY_UIApplicationSceneManifest_Generation[sdk=iphonesimulator*]" = YES;
				"INFOPLIST_KEY_UIApplicationSupportsIndirectInputEvents[sdk=iphoneos*]" = YES;
				"INFOPLIST_KEY_UIApplicationSupportsIndirectInputEvents[sdk=iphonesimulator*]" = YES;
				"INFOPLIST_KEY_UILaunchScreen_Generation[sdk=iphoneos*]" = YES;
				"INFOPLIST_KEY_UILaunchScreen_Generation[sdk=iphonesimulator*]" = YES;
				"INFOPLIST_KEY_UIStatusBarStyle[sdk=iphoneos*]" = UIStatusBarStyleDefault;
				"INFOPLIST_KEY_UIStatusBarStyle[sdk=iphonesimulator*]" = UIStatusBarStyleDefault;
				INFOPLIST_KEY_UISupportedInterfaceOrientations_iPad = "UIInterfaceOrientationPortrait UIInterfaceOrientationPortraitUpsideDown UIInterfaceOrientationLandscapeLeft UIInterfaceOrientationLandscapeRight";
				INFOPLIST_KEY_UISupportedInterfaceOrientations_iPhone = "UIInterfaceOrientationPortrait UIInterfaceOrientationPortraitUpsideDown UIInterfaceOrientationLandscapeLeft UIInterfaceOrientationLandscapeRight";
				IPHONEOS_DEPLOYMENT_TARGET = 26.0;
				LD_RUNPATH_SEARCH_PATHS = (
					"$(inherited)",
					"@executable_path/Frameworks",
				);
				MARKETING_VERSION = 1.0;
				PRODUCT_BUNDLE_IDENTIFIER = com.tommy.VisitingArtisan;
				PRODUCT_NAME = "$(TARGET_NAME)";
				SDKROOT = auto;
				SUPPORTED_PLATFORMS = "iphoneos iphonesimulator xros xrsimulator";
				SWIFT_EMIT_LOC_STRINGS = YES;
				SWIFT_VERSION = 5.0;
				TARGETED_DEVICE_FAMILY = "1,2,7";
				XROS_DEPLOYMENT_TARGET = 26.0;
			};
			name = Release;
		};
/* End XCBuildConfiguration section */

/* Begin XCConfigurationList section */
		AA0000010000000000000701 /* Build configuration list for PBXProject "VisitingArtisan" */ = {
			isa = XCConfigurationList;
			buildConfigurations = (
				AA0000010000000000000801 /* Debug */,
				AA0000010000000000000802 /* Release */,
			);
			defaultConfigurationIsVisible = 0;
			defaultConfigurationName = Release;
		};
		AA0000010000000000000703 /* Build configuration list for PBXNativeTarget "VisitingArtisan" */ = {
			isa = XCConfigurationList;
			buildConfigurations = (
				AA0000010000000000000803 /* Debug */,
				AA0000010000000000000804 /* Release */,
			);
			defaultConfigurationIsVisible = 0;
			defaultConfigurationName = Release;
		};
/* End XCConfigurationList section */

/* Begin XCRemoteSwiftPackageReference section */
		AA0000010000000000000901 /* XCRemoteSwiftPackageReference "MetalSplatter" */ = {
			isa = XCRemoteSwiftPackageReference;
			repositoryURL = "https://github.com/scier/MetalSplatter.git";
			requirement = {
				kind = upToNextMajorVersion;
				minimumVersion = 1.0.0;
			};
		};
/* End XCRemoteSwiftPackageReference section */

/* Begin XCSwiftPackageProductDependency section */
		AA0000010000000000000902 /* MetalSplatter */ = {
			isa = XCSwiftPackageProductDependency;
			package = AA0000010000000000000901 /* XCRemoteSwiftPackageReference "MetalSplatter" */;
			productName = MetalSplatter;
		};
		AA0000010000000000000903 /* SplatIO */ = {
			isa = XCSwiftPackageProductDependency;
			package = AA0000010000000000000901 /* XCRemoteSwiftPackageReference "MetalSplatter" */;
			productName = SplatIO;
		};
/* End XCSwiftPackageProductDependency section */
	};
	rootObject = AA0000010000000000000601 /* Project object */;
}
