// !$*UTF8*$!
{
	archiveVersion = 1;
	classes = {
	};
	objectVersion = 56;
	objects = {

/* Begin PBXBuildFile section */
		AA0000010000000000000001 /* AppState.swift in Sources */ = {isa = PBXBuildFile; fileRef = AA0000010000000000000101 /* AppState.swift */; };
		AA0000010000000000000002 /* Immersive360View.swift in Sources */ = {isa = PBXBuildFile; fileRef = AA0000010000000000000102 /* Immersive360View.swift */; };
		AA0000010000000000000003 /* ImmersiveWorldView.swift in Sources */ = {isa = PBXBuildFile; fileRef = AA0000010000000000000103 /* ImmersiveWorldView.swift */; };
		AA0000010000000000000004 /* Models.swift in Sources */ = {isa = PBXBuildFile; fileRef = AA0000010000000000000104 /* Models.swift */; };
		AA0000010000000000000005 /* PromptBuilder.swift in Sources */ = {isa = PBXBuildFile; fileRef = AA0000010000000000000105 /* PromptBuilder.swift */; };
		AA0000010000000000000006 /* QuizData.swift in Sources */ = {isa = PBXBuildFile; fileRef = AA0000010000000000000106 /* QuizData.swift */; };
		AA0000010000000000000007 /* QuizView.swift in Sources */ = {isa = PBXBuildFile; fileRef = AA0000010000000000000107 /* QuizView.swift */; };
		AA0000010000000000000008 /* RootView.swift in Sources */ = {isa = PBXBuildFile; fileRef = AA0000010000000000000108 /* RootView.swift */; };
		AA0000010000000000000009 /* VisitingArtisanApp.swift in Sources */ = {isa = PBXBuildFile; fileRef = AA0000010000000000000109 /* VisitingArtisanApp.swift */; };
		AA000001000000000000000A /* WorldCatalog.swift in Sources */ = {isa = PBXBuildFile; fileRef = AA000001000000000000010A /* WorldCatalog.swift */; };
		AA000001000000000000000B /* WorldView.swift in Sources */ = {isa = PBXBuildFile; fileRef = AA000001000000000000010B /* WorldView.swift */; };
		AA0000010000000000000037 /* ParametricWorldBuilder.swift in Sources */ = {isa = PBXBuildFile; fileRef = AA0000010000000000000137 /* ParametricWorldBuilder.swift */; };
		AA000001000000000000000C /* Assets.xcassets in Resources */ = {isa = PBXBuildFile; fileRef = AA000001000000000000010C /* Assets.xcassets */; };
		AA000001000000000000000D /* Secrets.swift in Sources */ = {isa = PBXBuildFile; fileRef = AA000001000000000000010F /* Secrets.swift */; };
		AA000001000000000000000E /* WorldLabsService.swift in Sources */ = {isa = PBXBuildFile; fileRef = AA0000010000000000000110 /* WorldLabsService.swift */; };
		AA000001000000000000000F /* WorldLabsTestView.swift in Sources */ = {isa = PBXBuildFile; fileRef = AA0000010000000000000111 /* WorldLabsTestView.swift */; };
		AA0000010000000000000010 /* MotionManager.swift in Sources */ = {isa = PBXBuildFile; fileRef = AA0000010000000000000112 /* MotionManager.swift */; };
		AA0000010000000000000011 /* DesignSystem.swift in Sources */ = {isa = PBXBuildFile; fileRef = AA0000010000000000000113 /* DesignSystem.swift */; };
		AA0000010000000000000012 /* USDZTestView.swift in Sources */ = {isa = PBXBuildFile; fileRef = AA0000010000000000000114 /* USDZTestView.swift */; };
		AA0000010000000000000013 /* GamepadManager.swift in Sources */ = {isa = PBXBuildFile; fileRef = AA0000010000000000000115 /* GamepadManager.swift */; };
		AA0000010000000000000014 /* SplatSpikeView.swift in Sources */ = {isa = PBXBuildFile; fileRef = AA0000010000000000000116 /* SplatSpikeView.swift */; };
		AA0000010000000000000015 /* MetalSplatter in Frameworks */ = {isa = PBXBuildFile; productRef = AA0000010000000000000902 /* MetalSplatter */; };
		AA0000010000000000000016 /* SplatIO in Frameworks */ = {isa = PBXBuildFile; productRef = AA0000010000000000000903 /* SplatIO */; };
		AA0000010000000000000017 /* NarrationComposer.swift in Sources */ = {isa = PBXBuildFile; fileRef = AA0000010000000000000117 /* NarrationComposer.swift */; };
		AA0000010000000000000018 /* NarrationService.swift in Sources */ = {isa = PBXBuildFile; fileRef = AA0000010000000000000118 /* NarrationService.swift */; };
		AA0000010000000000000019 /* SpeechRecognizer.swift in Sources */ = {isa = PBXBuildFile; fileRef = AA0000010000000000000119 /* SpeechRecognizer.swift */; };
		AA000001000000000000001A /* ConversationService.swift in Sources */ = {isa = PBXBuildFile; fileRef = AA000001000000000000011A /* ConversationService.swift */; };
		AA000001000000000000001B /* SplatLibraryView.swift in Sources */ = {isa = PBXBuildFile; fileRef = AA0000010000000000000124 /* SplatLibraryView.swift */; };
		AA0000010000000000000038 /* SplatLocomotion.swift in Sources */ = {isa = PBXBuildFile; fileRef = AA0000010000000000000138 /* SplatLocomotion.swift */; };
		AA0000010000000000000039 /* SplatVisionRenderer.swift in Sources */ = {isa = PBXBuildFile; fileRef = AA0000010000000000000139 /* SplatVisionRenderer.swift */; };
		AA0000010000000000000040 /* ImmersiveUSDZView.swift in Sources */ = {isa = PBXBuildFile; fileRef = AA0000010000000000000140 /* ImmersiveUSDZView.swift */; };
		AA0000010000000000000020 /* Cozy_living_room_baked.usdz in Resources */ = {isa = PBXBuildFile; fileRef = AA0000010000000000000120 /* Cozy_living_room_baked.usdz */; };
		AA0000010000000000000021 /* Free_Low_Poly_Forest.usdz in Resources */ = {isa = PBXBuildFile; fileRef = AA0000010000000000000121 /* Free_Low_Poly_Forest.usdz */; };
		AA0000010000000000000022 /* FREE_Dirt_Road_Through_Forest.usdz in Resources */ = {isa = PBXBuildFile; fileRef = AA0000010000000000000122 /* FREE_Dirt_Road_Through_Forest.usdz */; };
		AA0000010000000000000023 /* world_a236ea24_100k.spz in Resources */ = {isa = PBXBuildFile; fileRef = AA0000010000000000000123 /* world_a236ea24_100k.spz */; };
		AA00000100000000000000F2 /* VoiceTestView.swift in Sources */ = {isa = PBXBuildFile; fileRef = AA00000100000000000001F2 /* VoiceTestView.swift */; };
		AA00000100000000000000F3 /* DevMenuView.swift in Sources */ = {isa = PBXBuildFile; fileRef = AA00000100000000000001F3 /* DevMenuView.swift */; };
		AA00000100000000000000F4 /* SpeechVoice.swift in Sources */ = {isa = PBXBuildFile; fileRef = AA00000100000000000001F4 /* SpeechVoice.swift */; };
		AA00000100000000000000F5 /* ElevenLabsVoice.swift in Sources */ = {isa = PBXBuildFile; fileRef = AA00000100000000000001F5 /* ElevenLabsVoice.swift */; };
		AA00000100000000000000F6 /* AzureVoice.swift in Sources */ = {isa = PBXBuildFile; fileRef = AA00000100000000000001F6 /* AzureVoice.swift */; };
		AA0000010000000000000036 /* VoiceMascot.swift in Sources */ = {isa = PBXBuildFile; fileRef = AA0000010000000000000136 /* VoiceMascot.swift */; };
		AA0000010000000000000030 /* OopsGlassKit.swift in Sources */ = {isa = PBXBuildFile; fileRef = AA0000010000000000000130 /* OopsGlassKit.swift */; };
		AA0000010000000000000031 /* OopsFlow.swift in Sources */ = {isa = PBXBuildFile; fileRef = AA0000010000000000000131 /* OopsFlow.swift */; };
		AA0000010000000000000032 /* OopsContent.swift in Sources */ = {isa = PBXBuildFile; fileRef = AA0000010000000000000132 /* OopsContent.swift */; };
		AA0000010000000000000033 /* OopsOnboarding.swift in Sources */ = {isa = PBXBuildFile; fileRef = AA0000010000000000000133 /* OopsOnboarding.swift */; };
		AA0000010000000000000034 /* OopsQuiz.swift in Sources */ = {isa = PBXBuildFile; fileRef = AA0000010000000000000134 /* OopsQuiz.swift */; };
		AA0000010000000000000035 /* OopsWorldScreens.swift in Sources */ = {isa = PBXBuildFile; fileRef = AA0000010000000000000135 /* OopsWorldScreens.swift */; };
		BB0000010000000000000001 /* ScorerTests.swift in Sources */ = {isa = PBXBuildFile; fileRef = BB0000010000000000000101 /* ScorerTests.swift */; };
		BB0000010000000000000002 /* WorldMapperTests.swift in Sources */ = {isa = PBXBuildFile; fileRef = BB0000010000000000000102 /* WorldMapperTests.swift */; };
		BB0000010000000000000003 /* PromptBuilderTests.swift in Sources */ = {isa = PBXBuildFile; fileRef = BB0000010000000000000103 /* PromptBuilderTests.swift */; };
		BB0000010000000000000004 /* NarrationComposerTests.swift in Sources */ = {isa = PBXBuildFile; fileRef = BB0000010000000000000104 /* NarrationComposerTests.swift */; };
		BB0000010000000000000005 /* WorldCatalogTests.swift in Sources */ = {isa = PBXBuildFile; fileRef = BB0000010000000000000105 /* WorldCatalogTests.swift */; };
		BB0000010000000000000006 /* ColorFromKelvinTests.swift in Sources */ = {isa = PBXBuildFile; fileRef = BB0000010000000000000106 /* ColorFromKelvinTests.swift */; };
		BB0000010000000000000007 /* SplatResolutionTests.swift in Sources */ = {isa = PBXBuildFile; fileRef = BB0000010000000000000107 /* SplatResolutionTests.swift */; };
		BB0000010000000000000008 /* WorldLabsWireFormatTests.swift in Sources */ = {isa = PBXBuildFile; fileRef = BB0000010000000000000108 /* WorldLabsWireFormatTests.swift */; };
		BB0000010000000000000009 /* AppStateTests.swift in Sources */ = {isa = PBXBuildFile; fileRef = BB0000010000000000000109 /* AppStateTests.swift */; };
		BB000001000000000000000A /* ConversationPromptTests.swift in Sources */ = {isa = PBXBuildFile; fileRef = BB000001000000000000010A /* ConversationPromptTests.swift */; };
/* End PBXBuildFile section */

/* Begin PBXFileReference section */
		AA0000010000000000000101 /* AppState.swift */ = {isa = PBXFileReference; lastKnownFileType = sourcecode.swift; path = AppState.swift; sourceTree = "<group>"; };
		AA0000010000000000000102 /* Immersive360View.swift */ = {isa = PBXFileReference; lastKnownFileType = sourcecode.swift; path = Immersive360View.swift; sourceTree = "<group>"; };
		AA0000010000000000000103 /* ImmersiveWorldView.swift */ = {isa = PBXFileReference; lastKnownFileType = sourcecode.swift; path = ImmersiveWorldView.swift; sourceTree = "<group>"; };
		AA0000010000000000000104 /* Models.swift */ = {isa = PBXFileReference; lastKnownFileType = sourcecode.swift; path = Models.swift; sourceTree = "<group>"; };
		AA0000010000000000000105 /* PromptBuilder.swift */ = {isa = PBXFileReference; lastKnownFileType = sourcecode.swift; path = PromptBuilder.swift; sourceTree = "<group>"; };
		AA0000010000000000000106 /* QuizData.swift */ = {isa = PBXFileReference; lastKnownFileType = sourcecode.swift; path = QuizData.swift; sourceTree = "<group>"; };
		AA0000010000000000000107 /* QuizView.swift */ = {isa = PBXFileReference; lastKnownFileType = sourcecode.swift; path = QuizView.swift; sourceTree = "<group>"; };
		AA0000010000000000000108 /* RootView.swift */ = {isa = PBXFileReference; lastKnownFileType = sourcecode.swift; path = RootView.swift; sourceTree = "<group>"; };
		AA0000010000000000000109 /* VisitingArtisanApp.swift */ = {isa = PBXFileReference; lastKnownFileType = sourcecode.swift; path = VisitingArtisanApp.swift; sourceTree = "<group>"; };
		AA000001000000000000010A /* WorldCatalog.swift */ = {isa = PBXFileReference; lastKnownFileType = sourcecode.swift; path = WorldCatalog.swift; sourceTree = "<group>"; };
		AA000001000000000000010B /* WorldView.swift */ = {isa = PBXFileReference; lastKnownFileType = sourcecode.swift; path = WorldView.swift; sourceTree = "<group>"; };
		AA0000010000000000000137 /* ParametricWorldBuilder.swift */ = {isa = PBXFileReference; lastKnownFileType = sourcecode.swift; path = ParametricWorldBuilder.swift; sourceTree = "<group>"; };
		AA000001000000000000010C /* Assets.xcassets */ = {isa = PBXFileReference; lastKnownFileType = folder.assetcatalog; path = Assets.xcassets; sourceTree = "<group>"; };
		AA000001000000000000010D /* VisitingArtisan.app */ = {isa = PBXFileReference; explicitFileType = wrapper.application; includeInIndex = 0; path = VisitingArtisan.app; sourceTree = BUILT_PRODUCTS_DIR; };
		AA000001000000000000010E /* Info-visionOS.plist */ = {isa = PBXFileReference; lastKnownFileType = text.plist.xml; path = "Info-visionOS.plist"; sourceTree = "<group>"; };
		AA000001000000000000010F /* Secrets.swift */ = {isa = PBXFileReference; lastKnownFileType = sourcecode.swift; path = Secrets.swift; sourceTree = "<group>"; };
		AA0000010000000000000110 /* WorldLabsService.swift */ = {isa = PBXFileReference; lastKnownFileType = sourcecode.swift; path = WorldLabsService.swift; sourceTree = "<group>"; };
		AA0000010000000000000111 /* WorldLabsTestView.swift */ = {isa = PBXFileReference; lastKnownFileType = sourcecode.swift; path = WorldLabsTestView.swift; sourceTree = "<group>"; };
		AA0000010000000000000112 /* MotionManager.swift */ = {isa = PBXFileReference; lastKnownFileType = sourcecode.swift; path = MotionManager.swift; sourceTree = "<group>"; };
		AA0000010000000000000113 /* DesignSystem.swift */ = {isa = PBXFileReference; lastKnownFileType = sourcecode.swift; path = DesignSystem.swift; sourceTree = "<group>"; };
		AA0000010000000000000114 /* USDZTestView.swift */ = {isa = PBXFileReference; lastKnownFileType = sourcecode.swift; path = USDZTestView.swift; sourceTree = "<group>"; };
		AA0000010000000000000115 /* GamepadManager.swift */ = {isa = PBXFileReference; lastKnownFileType = sourcecode.swift; path = GamepadManager.swift; sourceTree = "<group>"; };
		AA0000010000000000000116 /* SplatSpikeView.swift */ = {isa = PBXFileReference; lastKnownFileType = sourcecode.swift; path = SplatSpikeView.swift; sourceTree = "<group>"; };
		AA0000010000000000000117 /* NarrationComposer.swift */ = {isa = PBXFileReference; lastKnownFileType = sourcecode.swift; path = NarrationComposer.swift; sourceTree = "<group>"; };
		AA0000010000000000000118 /* NarrationService.swift */ = {isa = PBXFileReference; lastKnownFileType = sourcecode.swift; path = NarrationService.swift; sourceTree = "<group>"; };
		AA0000010000000000000119 /* SpeechRecognizer.swift */ = {isa = PBXFileReference; lastKnownFileType = sourcecode.swift; path = SpeechRecognizer.swift; sourceTree = "<group>"; };
		AA000001000000000000011A /* ConversationService.swift */ = {isa = PBXFileReference; lastKnownFileType = sourcecode.swift; path = ConversationService.swift; sourceTree = "<group>"; };
		AA0000010000000000000120 /* Cozy_living_room_baked.usdz */ = {isa = PBXFileReference; lastKnownFileType = file; path = Cozy_living_room_baked.usdz; sourceTree = "<group>"; };
		AA0000010000000000000121 /* Free_Low_Poly_Forest.usdz */ = {isa = PBXFileReference; lastKnownFileType = file; path = Free_Low_Poly_Forest.usdz; sourceTree = "<group>"; };
		AA0000010000000000000122 /* FREE_Dirt_Road_Through_Forest.usdz */ = {isa = PBXFileReference; lastKnownFileType = file; path = FREE_Dirt_Road_Through_Forest.usdz; sourceTree = "<group>"; };
		AA0000010000000000000123 /* world_a236ea24_100k.spz */ = {isa = PBXFileReference; lastKnownFileType = file; path = world_a236ea24_100k.spz; sourceTree = "<group>"; };
		AA0000010000000000000124 /* SplatLibraryView.swift */ = {isa = PBXFileReference; lastKnownFileType = sourcecode.swift; path = SplatLibraryView.swift; sourceTree = "<group>"; };
		AA0000010000000000000138 /* SplatLocomotion.swift */ = {isa = PBXFileReference; lastKnownFileType = sourcecode.swift; path = SplatLocomotion.swift; sourceTree = "<group>"; };
		AA0000010000000000000139 /* SplatVisionRenderer.swift */ = {isa = PBXFileReference; lastKnownFileType = sourcecode.swift; path = SplatVisionRenderer.swift; sourceTree = "<group>"; };
		AA0000010000000000000140 /* ImmersiveUSDZView.swift */ = {isa = PBXFileReference; lastKnownFileType = sourcecode.swift; path = ImmersiveUSDZView.swift; sourceTree = "<group>"; };
		AA00000100000000000001F2 /* VoiceTestView.swift */ = {isa = PBXFileReference; lastKnownFileType = sourcecode.swift; path = VoiceTestView.swift; sourceTree = "<group>"; };
		AA00000100000000000001F3 /* DevMenuView.swift */ = {isa = PBXFileReference; lastKnownFileType = sourcecode.swift; path = DevMenuView.swift; sourceTree = "<group>"; };
		AA00000100000000000001F4 /* SpeechVoice.swift */ = {isa = PBXFileReference; lastKnownFileType = sourcecode.swift; path = SpeechVoice.swift; sourceTree = "<group>"; };
		AA00000100000000000001F5 /* ElevenLabsVoice.swift */ = {isa = PBXFileReference; lastKnownFileType = sourcecode.swift; path = ElevenLabsVoice.swift; sourceTree = "<group>"; };
		AA00000100000000000001F6 /* AzureVoice.swift */ = {isa = PBXFileReference; lastKnownFileType = sourcecode.swift; path = AzureVoice.swift; sourceTree = "<group>"; };
		AA0000010000000000000136 /* VoiceMascot.swift */ = {isa = PBXFileReference; lastKnownFileType = sourcecode.swift; path = VoiceMascot.swift; sourceTree = "<group>"; };
		AA0000010000000000000130 /* OopsGlassKit.swift */ = {isa = PBXFileReference; lastKnownFileType = sourcecode.swift; path = OopsGlassKit.swift; sourceTree = "<group>"; };
		AA0000010000000000000131 /* OopsFlow.swift */ = {isa = PBXFileReference; lastKnownFileType = sourcecode.swift; path = OopsFlow.swift; sourceTree = "<group>"; };
		AA0000010000000000000132 /* OopsContent.swift */ = {isa = PBXFileReference; lastKnownFileType = sourcecode.swift; path = OopsContent.swift; sourceTree = "<group>"; };
		AA0000010000000000000133 /* OopsOnboarding.swift */ = {isa = PBXFileReference; lastKnownFileType = sourcecode.swift; path = OopsOnboarding.swift; sourceTree = "<group>"; };
		AA0000010000000000000134 /* OopsQuiz.swift */ = {isa = PBXFileReference; lastKnownFileType = sourcecode.swift; path = OopsQuiz.swift; sourceTree = "<group>"; };
		AA0000010000000000000135 /* OopsWorldScreens.swift */ = {isa = PBXFileReference; lastKnownFileType = sourcecode.swift; path = OopsWorldScreens.swift; sourceTree = "<group>"; };
		BB000001000000000000010D /* VisitingArtisanTests.xctest */ = {isa = PBXFileReference; explicitFileType = wrapper.cfbundle; includeInIndex = 0; path = VisitingArtisanTests.xctest; sourceTree = BUILT_PRODUCTS_DIR; };
		BB0000010000000000000101 /* ScorerTests.swift */ = {isa = PBXFileReference; lastKnownFileType = sourcecode.swift; path = ScorerTests.swift; sourceTree = "<group>"; };
		BB0000010000000000000102 /* WorldMapperTests.swift */ = {isa = PBXFileReference; lastKnownFileType = sourcecode.swift; path = WorldMapperTests.swift; sourceTree = "<group>"; };
		BB0000010000000000000103 /* PromptBuilderTests.swift */ = {isa = PBXFileReference; lastKnownFileType = sourcecode.swift; path = PromptBuilderTests.swift; sourceTree = "<group>"; };
		BB0000010000000000000104 /* NarrationComposerTests.swift */ = {isa = PBXFileReference; lastKnownFileType = sourcecode.swift; path = NarrationComposerTests.swift; sourceTree = "<group>"; };
		BB0000010000000000000105 /* WorldCatalogTests.swift */ = {isa = PBXFileReference; lastKnownFileType = sourcecode.swift; path = WorldCatalogTests.swift; sourceTree = "<group>"; };
		BB0000010000000000000106 /* ColorFromKelvinTests.swift */ = {isa = PBXFileReference; lastKnownFileType = sourcecode.swift; path = ColorFromKelvinTests.swift; sourceTree = "<group>"; };
		BB0000010000000000000107 /* SplatResolutionTests.swift */ = {isa = PBXFileReference; lastKnownFileType = sourcecode.swift; path = SplatResolutionTests.swift; sourceTree = "<group>"; };
		BB0000010000000000000108 /* WorldLabsWireFormatTests.swift */ = {isa = PBXFileReference; lastKnownFileType = sourcecode.swift; path = WorldLabsWireFormatTests.swift; sourceTree = "<group>"; };
		BB0000010000000000000109 /* AppStateTests.swift */ = {isa = PBXFileReference; lastKnownFileType = sourcecode.swift; path = AppStateTests.swift; sourceTree = "<group>"; };
		BB000001000000000000010A /* ConversationPromptTests.swift */ = {isa = PBXFileReference; lastKnownFileType = sourcecode.swift; path = ConversationPromptTests.swift; sourceTree = "<group>"; };
/* End PBXFileReference section */

/* Begin PBXFrameworksBuildPhase section */
		AA0000010000000000000201 /* Frameworks */ = {
			isa = PBXFrameworksBuildPhase;
			buildActionMask = 2147483647;
			files = (
				AA0000010000000000000015 /* MetalSplatter in Frameworks */,
				AA0000010000000000000016 /* SplatIO in Frameworks */,
			);
			runOnlyForDeploymentPostprocessing = 0;
		};
/* End PBXFrameworksBuildPhase section */

/* Begin PBXGroup section */
		AA0000010000000000000301 = {
			isa = PBXGroup;
			children = (
				AA0000010000000000000302 /* Sources */,
				AA0000010000000000000304 /* Config */,
				AA0000010000000000000305 /* USDZ */,
				AA000001000000000000010C /* Assets.xcassets */,
				BB0000010000000000000310 /* Tests */,
				AA0000010000000000000303 /* Products */,
			);
			sourceTree = "<group>";
		};
		AA0000010000000000000302 /* Sources */ = {
			isa = PBXGroup;
			children = (
				AA0000010000000000000307 /* App */,
				AA0000010000000000000308 /* Quiz */,
				AA0000010000000000000309 /* World */,
				AA000001000000000000030A /* Voice */,
				AA000001000000000000030B /* Spikes */,
				AA000001000000000000030C /* DevMenu */,
				AA000001000000000000030D /* Core */,
				AA000001000000000000030E /* Oops */,
			);
			path = Sources;
			sourceTree = "<group>";
		};
		AA0000010000000000000303 /* Products */ = {
			isa = PBXGroup;
			children = (
				AA000001000000000000010D /* VisitingArtisan.app */,
				BB000001000000000000010D /* VisitingArtisanTests.xctest */,
			);
			name = Products;
			sourceTree = "<group>";
		};
		BB0000010000000000000310 /* Tests */ = {
			isa = PBXGroup;
			children = (
				BB0000010000000000000101 /* ScorerTests.swift */,
				BB0000010000000000000102 /* WorldMapperTests.swift */,
				BB0000010000000000000103 /* PromptBuilderTests.swift */,
				BB0000010000000000000104 /* NarrationComposerTests.swift */,
				BB0000010000000000000105 /* WorldCatalogTests.swift */,
				BB0000010000000000000106 /* ColorFromKelvinTests.swift */,
				BB0000010000000000000107 /* SplatResolutionTests.swift */,
				BB0000010000000000000108 /* WorldLabsWireFormatTests.swift */,
				BB0000010000000000000109 /* AppStateTests.swift */,
				BB000001000000000000010A /* ConversationPromptTests.swift */,
			);
			path = Tests;
			sourceTree = "<group>";
		};
		AA0000010000000000000304 /* Config */ = {
			isa = PBXGroup;
			children = (
				AA000001000000000000010E /* Info-visionOS.plist */,
			);
			path = Config;
			sourceTree = "<group>";
		};
		AA0000010000000000000305 /* USDZ */ = {
			isa = PBXGroup;
			children = (
				AA0000010000000000000120 /* Cozy_living_room_baked.usdz */,
				AA0000010000000000000121 /* Free_Low_Poly_Forest.usdz */,
				AA0000010000000000000122 /* FREE_Dirt_Road_Through_Forest.usdz */,
			);
			path = USDZ;
			sourceTree = "<group>";
		};
		AA0000010000000000000306 /* SpikeAssets */ = {
			isa = PBXGroup;
			children = (
				AA0000010000000000000123 /* world_a236ea24_100k.spz */,
			);
			path = SpikeAssets;
			sourceTree = "<group>";
		};
		AA0000010000000000000307 /* App */ = {
			isa = PBXGroup;
			children = (
				AA0000010000000000000109 /* VisitingArtisanApp.swift */,
				AA0000010000000000000108 /* RootView.swift */,
				AA0000010000000000000101 /* AppState.swift */,
			);
			path = App;
			sourceTree = "<group>";
		};
		AA0000010000000000000308 /* Quiz */ = {
			isa = PBXGroup;
			children = (
				AA0000010000000000000107 /* QuizView.swift */,
				AA0000010000000000000106 /* QuizData.swift */,
			);
			path = Quiz;
			sourceTree = "<group>";
		};
		AA0000010000000000000309 /* World */ = {
			isa = PBXGroup;
			children = (
				AA000001000000000000010B /* WorldView.swift */,
				AA0000010000000000000137 /* ParametricWorldBuilder.swift */,
				AA000001000000000000010A /* WorldCatalog.swift */,
				AA0000010000000000000105 /* PromptBuilder.swift */,
				AA0000010000000000000102 /* Immersive360View.swift */,
				AA0000010000000000000103 /* ImmersiveWorldView.swift */,
			);
			path = World;
			sourceTree = "<group>";
		};
		AA000001000000000000030A /* Voice */ = {
			isa = PBXGroup;
			children = (
				AA000001000000000000011A /* ConversationService.swift */,
				AA0000010000000000000119 /* SpeechRecognizer.swift */,
				AA0000010000000000000118 /* NarrationService.swift */,
				AA0000010000000000000117 /* NarrationComposer.swift */,
				AA00000100000000000001F4 /* SpeechVoice.swift */,
				AA00000100000000000001F5 /* ElevenLabsVoice.swift */,
				AA00000100000000000001F6 /* AzureVoice.swift */,
				AA0000010000000000000136 /* VoiceMascot.swift */,
				AA00000100000000000001F2 /* VoiceTestView.swift */,
			);
			path = Voice;
			sourceTree = "<group>";
		};
		AA000001000000000000030B /* Spikes */ = {
			isa = PBXGroup;
			children = (
				AA0000010000000000000116 /* SplatSpikeView.swift */,
				AA0000010000000000000124 /* SplatLibraryView.swift */,
				AA0000010000000000000138 /* SplatLocomotion.swift */,
				AA0000010000000000000139 /* SplatVisionRenderer.swift */,
				AA0000010000000000000140 /* ImmersiveUSDZView.swift */,
				AA0000010000000000000110 /* WorldLabsService.swift */,
				AA0000010000000000000111 /* WorldLabsTestView.swift */,
				AA0000010000000000000114 /* USDZTestView.swift */,
				AA0000010000000000000306 /* SpikeAssets */,
			);
			path = Spikes;
			sourceTree = "<group>";
		};
		AA000001000000000000030C /* DevMenu */ = {
			isa = PBXGroup;
			children = (
				AA00000100000000000001F3 /* DevMenuView.swift */,
			);
			path = DevMenu;
			sourceTree = "<group>";
		};
		AA000001000000000000030D /* Core */ = {
			isa = PBXGroup;
			children = (
				AA0000010000000000000104 /* Models.swift */,
				AA0000010000000000000113 /* DesignSystem.swift */,
				AA0000010000000000000112 /* MotionManager.swift */,
				AA0000010000000000000115 /* GamepadManager.swift */,
				AA000001000000000000010F /* Secrets.swift */,
			);
			path = Core;
			sourceTree = "<group>";
		};
		AA000001000000000000030E /* Oops */ = {
			isa = PBXGroup;
			children = (
				AA0000010000000000000131 /* OopsFlow.swift */,
				AA0000010000000000000130 /* OopsGlassKit.swift */,
				AA0000010000000000000132 /* OopsContent.swift */,
				AA0000010000000000000133 /* OopsOnboarding.swift */,
				AA0000010000000000000134 /* OopsQuiz.swift */,
				AA0000010000000000000135 /* OopsWorldScreens.swift */,
			);
			path = Oops;
			sourceTree = "<group>";
		};
/* End PBXGroup section */

/* Begin PBXNativeTarget section */
		AA0000010000000000000401 /* VisitingArtisan */ = {
			isa = PBXNativeTarget;
			buildConfigurationList = AA0000010000000000000703 /* Build configuration list for PBXNativeTarget "VisitingArtisan" */;
			buildPhases = (
				AA0000010000000000000501 /* Sources */,
				AA0000010000000000000201 /* Frameworks */,
				AA0000010000000000000502 /* Resources */,
			);
			buildRules = (
			);
			dependencies = (
			);
			name = VisitingArtisan;
			packageProductDependencies = (
				AA0000010000000000000902 /* MetalSplatter */,
				AA0000010000000000000903 /* SplatIO */,
			);
			productName = VisitingArtisan;
			productReference = AA000001000000000000010D /* VisitingArtisan.app */;
			productType = "com.apple.product-type.application";
		};
		BB0000010000000000000401 /* VisitingArtisanTests */ = {
			isa = PBXNativeTarget;
			buildConfigurationList = BB0000010000000000000703 /* Build configuration list for PBXNativeTarget "VisitingArtisanTests" */;
			buildPhases = (
				BB0000010000000000000501 /* Sources */,
			);
			buildRules = (
			);
			dependencies = (
				BB0000010000000000000A01 /* PBXTargetDependency */,
			);
			name = VisitingArtisanTests;
			productName = VisitingArtisanTests;
			productReference = BB000001000000000000010D /* VisitingArtisanTests.xctest */;
			productType = "com.apple.product-type.bundle.unit-test";
		};
/* End PBXNativeTarget section */

/* Begin PBXContainerItemProxy section */
		BB0000010000000000000B01 /* PBXContainerItemProxy */ = {
			isa = PBXContainerItemProxy;
			containerPortal = AA0000010000000000000601 /* Project object */;
			proxyType = 1;
			remoteGlobalIDString = AA0000010000000000000401;
			remoteInfo = VisitingArtisan;
		};
/* End PBXContainerItemProxy section */

/* Begin PBXTargetDependency section */
		BB0000010000000000000A01 /* PBXTargetDependency */ = {
			isa = PBXTargetDependency;
			target = AA0000010000000000000401 /* VisitingArtisan */;
			targetProxy = BB0000010000000000000B01 /* PBXContainerItemProxy */;
		};
/* End PBXTargetDependency section */

/* Begin PBXProject section */
		AA0000010000000000000601 /* Project object */ = {
			isa = PBXProject;
			attributes = {
				BuildIndependentTargetsInParallel = 1;
				LastSwiftUpdateCheck = 2605;
				LastUpgradeCheck = 2650;
				TargetAttributes = {
					AA0000010000000000000401 = {
						CreatedOnToolsVersion = 26.5;
					};
					BB0000010000000000000401 = {
						CreatedOnToolsVersion = 26.5;
						TestTargetID = AA0000010000000000000401;
					};
				};
			};
			buildConfigurationList = AA0000010000000000000701 /* Build configuration list for PBXProject "VisitingArtisan" */;
			compatibilityVersion = "Xcode 14.0";
			developmentRegion = en;
			hasScannedForEncodings = 0;
			knownRegions = (
				en,
				Base,
			);
			mainGroup = AA0000010000000000000301;
			packageReferences = (
				AA0000010000000000000901 /* XCRemoteSwiftPackageReference "MetalSplatter" */,
			);
			productRefGroup = AA0000010000000000000303 /* Products */;
			projectDirPath = "";
			projectRoot = "";
			targets = (
				AA0000010000000000000401 /* VisitingArtisan */,
				BB0000010000000000000401 /* VisitingArtisanTests */,
			);
		};
/* End PBXProject section */

/* Begin PBXResourcesBuildPhase section */
		AA0000010000000000000502 /* Resources */ = {
			isa = PBXResourcesBuildPhase;
			buildActionMask = 2147483647;
			files = (
				AA000001000000000000000C /* Assets.xcassets in Resources */,
				AA0000010000000000000020 /* Cozy_living_room_baked.usdz in Resources */,
				AA0000010000000000000021 /* Free_Low_Poly_Forest.usdz in Resources */,
				AA0000010000000000000022 /* FREE_Dirt_Road_Through_Forest.usdz in Resources */,
				AA0000010000000000000023 /* world_a236ea24_100k.spz in Resources */,
			);
			runOnlyForDeploymentPostprocessing = 0;
		};
/* End PBXResourcesBuildPhase section */

/* Begin PBXSourcesBuildPhase section */
		AA0000010000000000000501 /* Sources */ = {
			isa = PBXSourcesBuildPhase;
			buildActionMask = 2147483647;
			files = (
				AA0000010000000000000001 /* AppState.swift in Sources */,
				AA0000010000000000000002 /* Immersive360View.swift in Sources */,
				AA0000010000000000000003 /* ImmersiveWorldView.swift in Sources */,
				AA0000010000000000000004 /* Models.swift in Sources */,
				AA0000010000000000000005 /* PromptBuilder.swift in Sources */,
				AA0000010000000000000006 /* QuizData.swift in Sources */,
				AA0000010000000000000007 /* QuizView.swift in Sources */,
				AA0000010000000000000008 /* RootView.swift in Sources */,
				AA0000010000000000000009 /* VisitingArtisanApp.swift in Sources */,
				AA000001000000000000000A /* WorldCatalog.swift in Sources */,
				AA000001000000000000000B /* WorldView.swift in Sources */,
				AA0000010000000000000037 /* ParametricWorldBuilder.swift in Sources */,
				AA000001000000000000000D /* Secrets.swift in Sources */,
				AA000001000000000000000E /* WorldLabsService.swift in Sources */,
				AA000001000000000000000F /* WorldLabsTestView.swift in Sources */,
				AA0000010000000000000010 /* MotionManager.swift in Sources */,
				AA0000010000000000000011 /* DesignSystem.swift in Sources */,
				AA0000010000000000000012 /* USDZTestView.swift in Sources */,
				AA00000100000000000000F2 /* VoiceTestView.swift in Sources */,
				AA00000100000000000000F3 /* DevMenuView.swift in Sources */,
				AA0000010000000000000013 /* GamepadManager.swift in Sources */,
				AA0000010000000000000014 /* SplatSpikeView.swift in Sources */,
				AA000001000000000000001B /* SplatLibraryView.swift in Sources */,
				AA0000010000000000000038 /* SplatLocomotion.swift in Sources */,
				AA0000010000000000000039 /* SplatVisionRenderer.swift in Sources */,
				AA0000010000000000000040 /* ImmersiveUSDZView.swift in Sources */,
				AA0000010000000000000017 /* NarrationComposer.swift in Sources */,
				AA0000010000000000000018 /* NarrationService.swift in Sources */,
				AA0000010000000000000019 /* SpeechRecognizer.swift in Sources */,
				AA000001000000000000001A /* ConversationService.swift in Sources */,
				AA00000100000000000000F4 /* SpeechVoice.swift in Sources */,
				AA00000100000000000000F5 /* ElevenLabsVoice.swift in Sources */,
				AA00000100000000000000F6 /* AzureVoice.swift in Sources */,
				AA0000010000000000000036 /* VoiceMascot.swift in Sources */,
				AA0000010000000000000030 /* OopsGlassKit.swift in Sources */,
				AA0000010000000000000031 /* OopsFlow.swift in Sources */,
				AA0000010000000000000032 /* OopsContent.swift in Sources */,
				AA0000010000000000000033 /* OopsOnboarding.swift in Sources */,
				AA0000010000000000000034 /* OopsQuiz.swift in Sources */,
				AA0000010000000000000035 /* OopsWorldScreens.swift in Sources */,
			);
			runOnlyForDeploymentPostprocessing = 0;
		};
		BB0000010000000000000501 /* Sources */ = {
			isa = PBXSourcesBuildPhase;
			buildActionMask = 2147483647;
			files = (
				BB0000010000000000000001 /* ScorerTests.swift in Sources */,
				BB0000010000000000000002 /* WorldMapperTests.swift in Sources */,
				BB0000010000000000000003 /* PromptBuilderTests.swift in Sources */,
				BB0000010000000000000004 /* NarrationComposerTests.swift in Sources */,
				BB0000010000000000000005 /* WorldCatalogTests.swift in Sources */,
				BB0000010000000000000006 /* ColorFromKelvinTests.swift in Sources */,
				BB0000010000000000000007 /* SplatResolutionTests.swift in Sources */,
				BB0000010000000000000008 /* WorldLabsWireFormatTests.swift in Sources */,
				BB0000010000000000000009 /* AppStateTests.swift in Sources */,
				BB000001000000000000000A /* ConversationPromptTests.swift in Sources */,
			);
			runOnlyForDeploymentPostprocessing = 0;
		};
/* End PBXSourcesBuildPhase section */

/* Begin XCBuildConfiguration section */
		AA0000010000000000000801 /* Debug */ = {
			isa = XCBuildConfiguration;
			buildSettings = {
				ALWAYS_SEARCH_USER_PATHS = NO;
				CLANG_ANALYZER_NONNULL = YES;
				CLANG_ANALYZER_NUMBER_OBJECT_CONVERSION = YES_AGGRESSIVE;
				CLANG_CXX_LANGUAGE_STANDARD = "gnu++20";
				CLANG_ENABLE_MODULES = YES;
				CLANG_ENABLE_OBJC_ARC = YES;
				CLANG_ENABLE_OBJC_WEAK = YES;
				CLANG_WARN_BLOCK_CAPTURE_AUTORELEASING = YES;
				CLANG_WARN_BOOL_CONVERSION = YES;
				CLANG_WARN_COMMA = YES;
				CLANG_WARN_CONSTANT_CONVERSION = YES;
				CLANG_WARN_DEPRECATED_OBJC_IMPLEMENTATIONS = YES;
				CLANG_WARN_DIRECT_OBJC_ISA_USAGE = YES_ERROR;
				CLANG_WARN_DOCUMENTATION_COMMENTS = YES;
				CLANG_WARN_EMPTY_BODY = YES;
				CLANG_WARN_ENUM_CONVERSION = YES;
				CLANG_WARN_INFINITE_RECURSION = YES;
				CLANG_WARN_INT_CONVERSION = YES;
				CLANG_WARN_NON_LITERAL_NULL_CONVERSION = YES;
				CLANG_WARN_OBJC_IMPLICIT_RETAIN_SELF = YES;
				CLANG_WARN_OBJC_LITERAL_CONVERSION = YES;
				CLANG_WARN_OBJC_ROOT_CLASS = YES_ERROR;
				CLANG_WARN_QUOTED_INCLUDE_IN_FRAMEWORK_HEADER = YES;
				CLANG_WARN_RANGE_LOOP_ANALYSIS = YES;
				CLANG_WARN_STRICT_PROTOTYPES = YES;
				CLANG_WARN_SUSPICIOUS_MOVE = YES;
				CLANG_WARN_UNGUARDED_AVAILABILITY = YES_AGGRESSIVE;
				CLANG_WARN_UNREACHABLE_CODE = YES;
				CLANG_WARN__DUPLICATE_METHOD_MATCH = YES;
				COPY_PHASE_STRIP = NO;
				DEAD_CODE_STRIPPING = YES;
				DEBUG_INFORMATION_FORMAT = dwarf;
				DEVELOPMENT_TEAM = MCD2V89BPF;
				ENABLE_STRICT_OBJC_MSGSEND = YES;
				ENABLE_TESTABILITY = YES;
				ENABLE_USER_SCRIPT_SANDBOXING = YES;
				GCC_C_LANGUAGE_STANDARD = gnu17;
				GCC_DYNAMIC_NO_PIC = NO;
				GCC_NO_COMMON_BLOCKS = YES;
				GCC_OPTIMIZATION_LEVEL = 0;
				GCC_PREPROCESSOR_DEFINITIONS = (
					"DEBUG=1",
					"$(inherited)",
				);
				GCC_WARN_64_TO_32_BIT_CONVERSION = YES;
				GCC_WARN_ABOUT_RETURN_TYPE = YES_ERROR;
				GCC_WARN_UNDECLARED_SELECTOR = YES;
				GCC_WARN_UNINITIALIZED_AUTOS = YES_AGGRESSIVE;
				GCC_WARN_UNUSED_FUNCTION = YES;
				GCC_WARN_UNUSED_VARIABLE = YES;
				LOCALIZATION_PREFERS_STRING_CATALOGS = YES;
				MTL_ENABLE_DEBUG_INFO = INCLUDE_SOURCE;
				MTL_FAST_MATH = YES;
				ONLY_ACTIVE_ARCH = YES;
				SDKROOT = auto;
				STRING_CATALOG_GENERATE_SYMBOLS = YES;
				SWIFT_ACTIVE_COMPILATION_CONDITIONS = "DEBUG $(inherited)";
				SWIFT_OPTIMIZATION_LEVEL = "-Onone";
			};
			name = Debug;
		};
		AA0000010000000000000802 /* Release */ = {
			isa = XCBuildConfiguration;
			buildSettings = {
				ALWAYS_SEARCH_USER_PATHS = NO;
				CLANG_ANALYZER_NONNULL = YES;
				CLANG_ANALYZER_NUMBER_OBJECT_CONVERSION = YES_AGGRESSIVE;
				CLANG_CXX_LANGUAGE_STANDARD = "gnu++20";
				CLANG_ENABLE_MODULES = YES;
				CLANG_ENABLE_OBJC_ARC = YES;
				CLANG_ENABLE_OBJC_WEAK = YES;
				CLANG_WARN_BLOCK_CAPTURE_AUTORELEASING = YES;
				CLANG_WARN_BOOL_CONVERSION = YES;
				CLANG_WARN_COMMA = YES;
				CLANG_WARN_CONSTANT_CONVERSION = YES;
				CLANG_WARN_DEPRECATED_OBJC_IMPLEMENTATIONS = YES;
				CLANG_WARN_DIRECT_OBJC_ISA_USAGE = YES_ERROR;
				CLANG_WARN_DOCUMENTATION_COMMENTS = YES;
				CLANG_WARN_EMPTY_BODY = YES;
				CLANG_WARN_ENUM_CONVERSION = YES;
				CLANG_WARN_INFINITE_RECURSION = YES;
				CLANG_WARN_INT_CONVERSION = YES;
				CLANG_WARN_NON_LITERAL_NULL_CONVERSION = YES;
				CLANG_WARN_OBJC_IMPLICIT_RETAIN_SELF = YES;
				CLANG_WARN_OBJC_LITERAL_CONVERSION = YES;
				CLANG_WARN_OBJC_ROOT_CLASS = YES_ERROR;
				CLANG_WARN_QUOTED_INCLUDE_IN_FRAMEWORK_HEADER = YES;
				CLANG_WARN_RANGE_LOOP_ANALYSIS = YES;
				CLANG_WARN_STRICT_PROTOTYPES = YES;
				CLANG_WARN_SUSPICIOUS_MOVE = YES;
				CLANG_WARN_UNGUARDED_AVAILABILITY = YES_AGGRESSIVE;
				CLANG_WARN_UNREACHABLE_CODE = YES;
				CLANG_WARN__DUPLICATE_METHOD_MATCH = YES;
				COPY_PHASE_STRIP = NO;
				DEAD_CODE_STRIPPING = YES;
				DEBUG_INFORMATION_FORMAT = "dwarf-with-dsym";
				DEVELOPMENT_TEAM = MCD2V89BPF;
				ENABLE_NS_ASSERTIONS = NO;
				ENABLE_STRICT_OBJC_MSGSEND = YES;
				ENABLE_USER_SCRIPT_SANDBOXING = YES;
				GCC_C_LANGUAGE_STANDARD = gnu17;
				GCC_NO_COMMON_BLOCKS = YES;
				GCC_WARN_64_TO_32_BIT_CONVERSION = YES;
				GCC_WARN_ABOUT_RETURN_TYPE = YES_ERROR;
				GCC_WARN_UNDECLARED_SELECTOR = YES;
				GCC_WARN_UNINITIALIZED_AUTOS = YES_AGGRESSIVE;
				GCC_WARN_UNUSED_FUNCTION = YES;
				GCC_WARN_UNUSED_VARIABLE = YES;
				LOCALIZATION_PREFERS_STRING_CATALOGS = YES;
				MTL_ENABLE_DEBUG_INFO = NO;
				MTL_FAST_MATH = YES;
				SDKROOT = auto;
				STRING_CATALOG_GENERATE_SYMBOLS = YES;
				SWIFT_COMPILATION_MODE = wholemodule;
				VALIDATE_PRODUCT = YES;
			};
			name = Release;
		};
		AA0000010000000000000803 /* Debug */ = {
			isa = XCBuildConfiguration;
			buildSettings = {
				ASSETCATALOG_COMPILER_APPICON_NAME = AppIcon;
				ASSETCATALOG_COMPILER_GLOBAL_ACCENT_COLOR_NAME = AccentColor;
				CODE_SIGN_STYLE = Automatic;
				CURRENT_PROJECT_VERSION = 1;
				DEAD_CODE_STRIPPING = YES;
				ENABLE_PREVIEWS = YES;
				GENERATE_INFOPLIST_FILE = YES;
				"GENERATE_INFOPLIST_FILE[sdk=xros*]" = NO;
				"GENERATE_INFOPLIST_FILE[sdk=xrsimulator*]" = NO;
				"INFOPLIST_FILE[sdk=xros*]" = "Config/Info-visionOS.plist";
				"INFOPLIST_FILE[sdk=xrsimulator*]" = "Config/Info-visionOS.plist";
				INFOPLIST_KEY_CFBundleDisplayName = "Visiting Artisan";
				INFOPLIST_KEY_LSApplicationCategoryType = "public.app-category.lifestyle";
				INFOPLIST_KEY_NSMicrophoneUsageDescription = "Visiting Artisan uses the microphone so you can talk with the guide in your world.";
				INFOPLIST_KEY_NSSpeechRecognitionUsageDescription = "Your speech is turned into text so your world's guide can understand and respond.";
				INFOPLIST_KEY_UISupportedInterfaceOrientations_iPad = "UIInterfaceOrientationPortrait UIInterfaceOrientationPortraitUpsideDown UIInterfaceOrientationLandscapeLeft UIInterfaceOrientationLandscapeRight";
				INFOPLIST_KEY_UISupportedInterfaceOrientations_iPhone = "UIInterfaceOrientationPortrait UIInterfaceOrientationPortraitUpsideDown UIInterfaceOrientationLandscapeLeft UIInterfaceOrientationLandscapeRight";
				"INFOPLIST_KEY_UIApplicationSceneManifest_Generation[sdk=iphoneos*]" = YES;
				"INFOPLIST_KEY_UIApplicationSceneManifest_Generation[sdk=iphonesimulator*]" = YES;
				"INFOPLIST_KEY_UIApplicationSupportsIndirectInputEvents[sdk=iphoneos*]" = YES;
				"INFOPLIST_KEY_UIApplicationSupportsIndirectInputEvents[sdk=iphonesimulator*]" = YES;
				"INFOPLIST_KEY_UILaunchScreen_Generation[sdk=iphoneos*]" = YES;
				"INFOPLIST_KEY_UILaunchScreen_Generation[sdk=iphonesimulator*]" = YES;
				"INFOPLIST_KEY_UIStatusBarStyle[sdk=iphoneos*]" = UIStatusBarStyleDefault;
				"INFOPLIST_KEY_UIStatusBarStyle[sdk=iphonesimulator*]" = UIStatusBarStyleDefault;
				IPHONEOS_DEPLOYMENT_TARGET = 26.0;
				LD_RUNPATH_SEARCH_PATHS = (
					"$(inherited)",
					"@executable_path/Frameworks",
				);
				MARKETING_VERSION = 1.0;
				PRODUCT_BUNDLE_IDENTIFIER = com.tommy.VisitingArtisan;
				PRODUCT_NAME = "$(TARGET_NAME)";
				SDKROOT = auto;
				SUPPORTED_PLATFORMS = "iphoneos iphonesimulator xros xrsimulator";
				SWIFT_EMIT_LOC_STRINGS = YES;
				SWIFT_VERSION = 5.0;
				TARGETED_DEVICE_FAMILY = "1,2,7";
				XROS_DEPLOYMENT_TARGET = 26.0;
			};
			name = Debug;
		};
		AA0000010000000000000804 /* Release */ = {
			isa = XCBuildConfiguration;
			buildSettings = {
				ASSETCATALOG_COMPILER_APPICON_NAME = AppIcon;
				ASSETCATALOG_COMPILER_GLOBAL_ACCENT_COLOR_NAME = AccentColor;
				CODE_SIGN_STYLE = Automatic;
				CURRENT_PROJECT_VERSION = 1;
				DEAD_CODE_STRIPPING = YES;
				ENABLE_PREVIEWS = YES;
				GENERATE_INFOPLIST_FILE = YES;
				"GENERATE_INFOPLIST_FILE[sdk=xros*]" = NO;
				"GENERATE_INFOPLIST_FILE[sdk=xrsimulator*]" = NO;
				"INFOPLIST_FILE[sdk=xros*]" = "Config/Info-visionOS.plist";
				"INFOPLIST_FILE[sdk=xrsimulator*]" = "Config/Info-visionOS.plist";
				INFOPLIST_KEY_CFBundleDisplayName = "Visiting Artisan";
				INFOPLIST_KEY_LSApplicationCategoryType = "public.app-category.lifestyle";
				INFOPLIST_KEY_NSMicrophoneUsageDescription = "Visiting Artisan uses the microphone so you can talk with the guide in your world.";
				INFOPLIST_KEY_NSSpeechRecognitionUsageDescription = "Your speech is turned into text so your world's guide can understand and respond.";
				INFOPLIST_KEY_UISupportedInterfaceOrientations_iPad = "UIInterfaceOrientationPortrait UIInterfaceOrientationPortraitUpsideDown UIInterfaceOrientationLandscapeLeft UIInterfaceOrientationLandscapeRight";
				INFOPLIST_KEY_UISupportedInterfaceOrientations_iPhone = "UIInterfaceOrientationPortrait UIInterfaceOrientationPortraitUpsideDown UIInterfaceOrientationLandscapeLeft UIInterfaceOrientationLandscapeRight";
				"INFOPLIST_KEY_UIApplicationSceneManifest_Generation[sdk=iphoneos*]" = YES;
				"INFOPLIST_KEY_UIApplicationSceneManifest_Generation[sdk=iphonesimulator*]" = YES;
				"INFOPLIST_KEY_UIApplicationSupportsIndirectInputEvents[sdk=iphoneos*]" = YES;
				"INFOPLIST_KEY_UIApplicationSupportsIndirectInputEvents[sdk=iphonesimulator*]" = YES;
				"INFOPLIST_KEY_UILaunchScreen_Generation[sdk=iphoneos*]" = YES;
				"INFOPLIST_KEY_UILaunchScreen_Generation[sdk=iphonesimulator*]" = YES;
				"INFOPLIST_KEY_UIStatusBarStyle[sdk=iphoneos*]" = UIStatusBarStyleDefault;
				"INFOPLIST_KEY_UIStatusBarStyle[sdk=iphonesimulator*]" = UIStatusBarStyleDefault;
				IPHONEOS_DEPLOYMENT_TARGET = 26.0;
				LD_RUNPATH_SEARCH_PATHS = (
					"$(inherited)",
					"@executable_path/Frameworks",
				);
				MARKETING_VERSION = 1.0;
				PRODUCT_BUNDLE_IDENTIFIER = com.tommy.VisitingArtisan;
				PRODUCT_NAME = "$(TARGET_NAME)";
				SDKROOT = auto;
				SUPPORTED_PLATFORMS = "iphoneos iphonesimulator xros xrsimulator";
				SWIFT_EMIT_LOC_STRINGS = YES;
				SWIFT_VERSION = 5.0;
				TARGETED_DEVICE_FAMILY = "1,2,7";
				XROS_DEPLOYMENT_TARGET = 26.0;
			};
			name = Release;
		};
		BB0000010000000000000803 /* Debug */ = {
			isa = XCBuildConfiguration;
			buildSettings = {
				BUNDLE_LOADER = "$(TEST_HOST)";
				CODE_SIGN_STYLE = Automatic;
				CURRENT_PROJECT_VERSION = 1;
				DEVELOPMENT_TEAM = MCD2V89BPF;
				GENERATE_INFOPLIST_FILE = YES;
				IPHONEOS_DEPLOYMENT_TARGET = 26.0;
				LD_RUNPATH_SEARCH_PATHS = (
					"$(inherited)",
					"@executable_path/Frameworks",
					"@loader_path/Frameworks",
				);
				MARKETING_VERSION = 1.0;
				PRODUCT_BUNDLE_IDENTIFIER = com.tommy.VisitingArtisanTests;
				PRODUCT_NAME = "$(TARGET_NAME)";
				SDKROOT = auto;
				SUPPORTED_PLATFORMS = "iphoneos iphonesimulator xros xrsimulator";
				SWIFT_EMIT_LOC_STRINGS = NO;
				SWIFT_VERSION = 5.0;
				TARGETED_DEVICE_FAMILY = "1,2,7";
				TEST_HOST = "$(BUILT_PRODUCTS_DIR)/VisitingArtisan.app/VisitingArtisan";
				XROS_DEPLOYMENT_TARGET = 26.0;
			};
			name = Debug;
		};
		BB0000010000000000000804 /* Release */ = {
			isa = XCBuildConfiguration;
			buildSettings = {
				BUNDLE_LOADER = "$(TEST_HOST)";
				CODE_SIGN_STYLE = Automatic;
				CURRENT_PROJECT_VERSION = 1;
				DEVELOPMENT_TEAM = MCD2V89BPF;
				GENERATE_INFOPLIST_FILE = YES;
				IPHONEOS_DEPLOYMENT_TARGET = 26.0;
				LD_RUNPATH_SEARCH_PATHS = (
					"$(inherited)",
					"@executable_path/Frameworks",
					"@loader_path/Frameworks",
				);
				MARKETING_VERSION = 1.0;
				PRODUCT_BUNDLE_IDENTIFIER = com.tommy.VisitingArtisanTests;
				PRODUCT_NAME = "$(TARGET_NAME)";
				SDKROOT = auto;
				SUPPORTED_PLATFORMS = "iphoneos iphonesimulator xros xrsimulator";
				SWIFT_EMIT_LOC_STRINGS = NO;
				SWIFT_VERSION = 5.0;
				TARGETED_DEVICE_FAMILY = "1,2,7";
				TEST_HOST = "$(BUILT_PRODUCTS_DIR)/VisitingArtisan.app/VisitingArtisan";
				XROS_DEPLOYMENT_TARGET = 26.0;
			};
			name = Release;
		};
/* End XCBuildConfiguration section */

/* Begin XCConfigurationList section */
		AA0000010000000000000701 /* Build configuration list for PBXProject "VisitingArtisan" */ = {
			isa = XCConfigurationList;
			buildConfigurations = (
				AA0000010000000000000801 /* Debug */,
				AA0000010000000000000802 /* Release */,
			);
			defaultConfigurationIsVisible = 0;
			defaultConfigurationName = Release;
		};
		AA0000010000000000000703 /* Build configuration list for PBXNativeTarget "VisitingArtisan" */ = {
			isa = XCConfigurationList;
			buildConfigurations = (
				AA0000010000000000000803 /* Debug */,
				AA0000010000000000000804 /* Release */,
			);
			defaultConfigurationIsVisible = 0;
			defaultConfigurationName = Release;
		};
		BB0000010000000000000703 /* Build configuration list for PBXNativeTarget "VisitingArtisanTests" */ = {
			isa = XCConfigurationList;
			buildConfigurations = (
				BB0000010000000000000803 /* Debug */,
				BB0000010000000000000804 /* Release */,
			);
			defaultConfigurationIsVisible = 0;
			defaultConfigurationName = Release;
		};
/* End XCConfigurationList section */

/* Begin XCRemoteSwiftPackageReference section */
		AA0000010000000000000901 /* XCRemoteSwiftPackageReference "MetalSplatter" */ = {
			isa = XCRemoteSwiftPackageReference;
			repositoryURL = "https://github.com/scier/MetalSplatter.git";
			requirement = {
				kind = upToNextMajorVersion;
				minimumVersion = 1.0.0;
			};
		};
/* End XCRemoteSwiftPackageReference section */

/* Begin XCSwiftPackageProductDependency section */
		AA0000010000000000000902 /* MetalSplatter */ = {
			isa = XCSwiftPackageProductDependency;
			package = AA0000010000000000000901 /* XCRemoteSwiftPackageReference "MetalSplatter" */;
			productName = MetalSplatter;
		};
		AA0000010000000000000903 /* SplatIO */ = {
			isa = XCSwiftPackageProductDependency;
			package = AA0000010000000000000901 /* XCRemoteSwiftPackageReference "MetalSplatter" */;
			productName = SplatIO;
		};
/* End XCSwiftPackageProductDependency section */
	};
	rootObject = AA0000010000000000000601 /* Project object */;
}
